// !$*UTF8*$!
{
	archiveVersion = 1;
	classes = {
	};
	objectVersion = 46;
	objects = {

/* Begin PBXBuildFile section */
		3A35C1911BCD901F00B89BD2 /* Archived-En.png in Resources */ = {isa = PBXBuildFile; fileRef = 3A35C1901BCD901F00B89BD2 /* Archived-En.png */; settings = {ASSET_TAGS = (); }; };
		3A6172DB1BC9616E004B9198 /* gameVC.m in Sources */ = {isa = PBXBuildFile; fileRef = 3A6172C81BC9616E004B9198 /* gameVC.m */; settings = {ASSET_TAGS = (); }; };
		3A6172DC1BC9616E004B9198 /* adjustVC.m in Sources */ = {isa = PBXBuildFile; fileRef = 3A6172CA1BC9616E004B9198 /* adjustVC.m */; settings = {ASSET_TAGS = (); }; };
		3A6172DD1BC9616E004B9198 /* statsViewController.m in Sources */ = {isa = PBXBuildFile; fileRef = 3A6172CC1BC9616E004B9198 /* statsViewController.m */; settings = {ASSET_TAGS = (); }; };
		3A6172DE1BC9616E004B9198 /* breakEntry.m in Sources */ = {isa = PBXBuildFile; fileRef = 3A6172D01BC9616E004B9198 /* breakEntry.m */; settings = {ASSET_TAGS = (); }; };
		3A6172DF1BC9616E004B9198 /* frameScore.m in Sources */ = {isa = PBXBuildFile; fileRef = 3A6172D21BC9616E004B9198 /* frameScore.m */; settings = {ASSET_TAGS = (); }; };
		3A6172E01BC9616E004B9198 /* indicator.m in Sources */ = {isa = PBXBuildFile; fileRef = 3A6172D41BC9616E004B9198 /* indicator.m */; settings = {ASSET_TAGS = (); }; };
		3A6172E11BC9616E004B9198 /* DraggableView.m in Sources */ = {isa = PBXBuildFile; fileRef = 3A6172D71BC9616E004B9198 /* DraggableView.m */; settings = {ASSET_TAGS = (); }; };
		3A6172E21BC9616E004B9198 /* statsV.m in Sources */ = {isa = PBXBuildFile; fileRef = 3A6172D91BC9616E004B9198 /* statsV.m */; settings = {ASSET_TAGS = (); }; };
		3A6172E41BC961C3004B9198 /* Settings.bundle in Resources */ = {isa = PBXBuildFile; fileRef = 3A6172E31BC961C3004B9198 /* Settings.bundle */; settings = {ASSET_TAGS = (); }; };
		3A6172E61BC96478004B9198 /* libsqlite3.tbd in Frameworks */ = {isa = PBXBuildFile; fileRef = 3A6172E51BC96478004B9198 /* libsqlite3.tbd */; };
		3A6172E81BC965AD004B9198 /* main.m in Sources */ = {isa = PBXBuildFile; fileRef = 3A6172E71BC965AD004B9198 /* main.m */; settings = {ASSET_TAGS = (); }; };
		3AB429061BC95E83002FE58E /* Main.storyboard in Resources */ = {isa = PBXBuildFile; fileRef = 3AB429041BC95E83002FE58E /* Main.storyboard */; settings = {ASSET_TAGS = (); }; };
		3AB429071BC95E83002FE58E /* LaunchScreen.xib in Resources */ = {isa = PBXBuildFile; fileRef = 3AB429051BC95E83002FE58E /* LaunchScreen.xib */; settings = {ASSET_TAGS = (); }; };
		3AE520981BC960FD00D08517 /* dbHelper.m in Sources */ = {isa = PBXBuildFile; fileRef = 3AE520641BC960FD00D08517 /* dbHelper.m */; settings = {ASSET_TAGS = (); }; };
		3AE520991BC960FD00D08517 /* ballShot.m in Sources */ = {isa = PBXBuildFile; fileRef = 3AE520671BC960FD00D08517 /* ballShot.m */; settings = {ASSET_TAGS = (); }; };
		3AE5209A1BC960FD00D08517 /* ball.m in Sources */ = {isa = PBXBuildFile; fileRef = 3AE520691BC960FD00D08517 /* ball.m */; settings = {ASSET_TAGS = (); }; };
		3AE5209B1BC960FD00D08517 /* player.m in Sources */ = {isa = PBXBuildFile; fileRef = 3AE5206B1BC960FD00D08517 /* player.m */; settings = {ASSET_TAGS = (); }; };
		3AE5209C1BC960FD00D08517 /* frame.m in Sources */ = {isa = PBXBuildFile; fileRef = 3AE5206D1BC960FD00D08517 /* frame.m */; settings = {ASSET_TAGS = (); }; };
		3AE5209D1BC960FD00D08517 /* shotView.m in Sources */ = {isa = PBXBuildFile; fileRef = 3AE5206F1BC960FD00D08517 /* shotView.m */; settings = {ASSET_TAGS = (); }; };
		3AE5209E1BC960FD00D08517 /* breakBallCell.m in Sources */ = {isa = PBXBuildFile; fileRef = 3AE520711BC960FD00D08517 /* breakBallCell.m */; settings = {ASSET_TAGS = (); }; };
		3AE5209F1BC960FD00D08517 /* snookerbreak.m in Sources */ = {isa = PBXBuildFile; fileRef = 3AE520731BC960FD00D08517 /* snookerbreak.m */; settings = {ASSET_TAGS = (); }; };
		3AE520A01BC960FD00D08517 /* OldBallShot.m in Sources */ = {isa = PBXBuildFile; fileRef = 3AE520751BC960FD00D08517 /* OldBallShot.m */; settings = {ASSET_TAGS = (); }; };
		3AE520A11BC960FD00D08517 /* NSData+Base64.m in Sources */ = {isa = PBXBuildFile; fileRef = 3AE520771BC960FD00D08517 /* NSData+Base64.m */; settings = {ASSET_TAGS = (); }; };
		3AE520A21BC960FD00D08517 /* close-black.png in Resources */ = {isa = PBXBuildFile; fileRef = 3AE5207A1BC960FD00D08517 /* close-black.png */; settings = {ASSET_TAGS = (); }; };
		3AE520A31BC960FD00D08517 /* tweet_orange64x64.png in Resources */ = {isa = PBXBuildFile; fileRef = 3AE5207B1BC960FD00D08517 /* tweet_orange64x64.png */; settings = {ASSET_TAGS = (); }; };
		3AE520A41BC960FD00D08517 /* black_07_small.png in Resources */ = {isa = PBXBuildFile; fileRef = 3AE5207C1BC960FD00D08517 /* black_07_small.png */; settings = {ASSET_TAGS = (); }; };
		3AE520A51BC960FD00D08517 /* pink_06_small.png in Resources */ = {isa = PBXBuildFile; fileRef = 3AE5207D1BC960FD00D08517 /* pink_06_small.png */; settings = {ASSET_TAGS = (); }; };
		3AE520A61BC960FD00D08517 /* triangle.png in Resources */ = {isa = PBXBuildFile; fileRef = 3AE5207E1BC960FD00D08517 /* triangle.png */; settings = {ASSET_TAGS = (); }; };
		3AE520A71BC960FD00D08517 /* blue_05_small.png in Resources */ = {isa = PBXBuildFile; fileRef = 3AE5207F1BC960FD00D08517 /* blue_05_small.png */; settings = {ASSET_TAGS = (); }; };
		3AE520A81BC960FD00D08517 /* brown_04_small.png in Resources */ = {isa = PBXBuildFile; fileRef = 3AE520801BC960FD00D08517 /* brown_04_small.png */; settings = {ASSET_TAGS = (); }; };
		3AE520A91BC960FD00D08517 /* green_03_small.png in Resources */ = {isa = PBXBuildFile; fileRef = 3AE520811BC960FD00D08517 /* green_03_small.png */; settings = {ASSET_TAGS = (); }; };
		3AE520AA1BC960FD00D08517 /* yellow_02_small.png in Resources */ = {isa = PBXBuildFile; fileRef = 3AE520821BC960FD00D08517 /* yellow_02_small.png */; settings = {ASSET_TAGS = (); }; };
		3AE520AB1BC960FD00D08517 /* red_01_small.png in Resources */ = {isa = PBXBuildFile; fileRef = 3AE520831BC960FD00D08517 /* red_01_small.png */; settings = {ASSET_TAGS = (); }; };
		3AE520AC1BC960FD00D08517 /* cueball.png in Resources */ = {isa = PBXBuildFile; fileRef = 3AE520841BC960FD00D08517 /* cueball.png */; settings = {ASSET_TAGS = (); }; };
		3AE520AD1BC960FD00D08517 /* black_07.png in Resources */ = {isa = PBXBuildFile; fileRef = 3AE520851BC960FD00D08517 /* black_07.png */; settings = {ASSET_TAGS = (); }; };
		3AE520AE1BC960FD00D08517 /* blue_05.png in Resources */ = {isa = PBXBuildFile; fileRef = 3AE520861BC960FD00D08517 /* blue_05.png */; settings = {ASSET_TAGS = (); }; };
		3AE520AF1BC960FD00D08517 /* brown_04.png in Resources */ = {isa = PBXBuildFile; fileRef = 3AE520871BC960FD00D08517 /* brown_04.png */; settings = {ASSET_TAGS = (); }; };
		3AE520B01BC960FD00D08517 /* green_03.png in Resources */ = {isa = PBXBuildFile; fileRef = 3AE520881BC960FD00D08517 /* green_03.png */; settings = {ASSET_TAGS = (); }; };
		3AE520B11BC960FD00D08517 /* pink_06.png in Resources */ = {isa = PBXBuildFile; fileRef = 3AE520891BC960FD00D08517 /* pink_06.png */; settings = {ASSET_TAGS = (); }; };
		3AE520B21BC960FD00D08517 /* red_01.png in Resources */ = {isa = PBXBuildFile; fileRef = 3AE5208A1BC960FD00D08517 /* red_01.png */; settings = {ASSET_TAGS = (); }; };
		3AE520B31BC960FD00D08517 /* greenbaize_clear.jpg in Resources */ = {isa = PBXBuildFile; fileRef = 3AE5208B1BC960FD00D08517 /* greenbaize_clear.jpg */; settings = {ASSET_TAGS = (); }; };
		3AE520B41BC960FD00D08517 /* medal-bronze.png in Resources */ = {isa = PBXBuildFile; fileRef = 3AE5208C1BC960FD00D08517 /* medal-bronze.png */; settings = {ASSET_TAGS = (); }; };
		3AE520B51BC960FD00D08517 /* close-orange.png in Resources */ = {isa = PBXBuildFile; fileRef = 3AE5208D1BC960FD00D08517 /* close-orange.png */; settings = {ASSET_TAGS = (); }; };
		3AE520B61BC960FD00D08517 /* medal-gold.png in Resources */ = {isa = PBXBuildFile; fileRef = 3AE5208E1BC960FD00D08517 /* medal-gold.png */; settings = {ASSET_TAGS = (); }; };
		3AE520B71BC960FD00D08517 /* medal-silver.png in Resources */ = {isa = PBXBuildFile; fileRef = 3AE5208F1BC960FD00D08517 /* medal-silver.png */; settings = {ASSET_TAGS = (); }; };
		3AE520B81BC960FD00D08517 /* Reds-Triangle.png in Resources */ = {isa = PBXBuildFile; fileRef = 3AE520901BC960FD00D08517 /* Reds-Triangle.png */; settings = {ASSET_TAGS = (); }; };
		3AE520B91BC960FD00D08517 /* snookerplayer4.png in Resources */ = {isa = PBXBuildFile; fileRef = 3AE520911BC960FD00D08517 /* snookerplayer4.png */; settings = {ASSET_TAGS = (); }; };
		3AE520BA1BC960FD00D08517 /* SSM2.png in Resources */ = {isa = PBXBuildFile; fileRef = 3AE520921BC960FD00D08517 /* SSM2.png */; settings = {ASSET_TAGS = (); }; };
		3AE520BB1BC960FD00D08517 /* SSM3.png in Resources */ = {isa = PBXBuildFile; fileRef = 3AE520931BC960FD00D08517 /* SSM3.png */; settings = {ASSET_TAGS = (); }; };
		3AE520BC1BC960FD00D08517 /* SSMballs - 1.png in Resources */ = {isa = PBXBuildFile; fileRef = 3AE520941BC960FD00D08517 /* SSMballs - 1.png */; settings = {ASSET_TAGS = (); }; };
		3AE520BD1BC960FD00D08517 /* white00_500x500.png in Resources */ = {isa = PBXBuildFile; fileRef = 3AE520951BC960FD00D08517 /* white00_500x500.png */; settings = {ASSET_TAGS = (); }; };
		3AE520BE1BC960FD00D08517 /* yellow_02.png in Resources */ = {isa = PBXBuildFile; fileRef = 3AE520961BC960FD00D08517 /* yellow_02.png */; settings = {ASSET_TAGS = (); }; };
		96D22D871A1FD58100E0ADE3 /* AppDelegate.m in Sources */ = {isa = PBXBuildFile; fileRef = 96D22D861A1FD58100E0ADE3 /* AppDelegate.m */; };
		96D22D8F1A1FD58100E0ADE3 /* Images.xcassets in Resources */ = {isa = PBXBuildFile; fileRef = 96D22D8E1A1FD58100E0ADE3 /* Images.xcassets */; };
		96D22D921A1FD58100E0ADE3 /* LaunchScreen.xib in Resources */ = {isa = PBXBuildFile; fileRef = 96D22D901A1FD58100E0ADE3 /* LaunchScreen.xib */; };
		96D22D9E1A1FD58100E0ADE3 /* SnookerScoreMasterTests.m in Sources */ = {isa = PBXBuildFile; fileRef = 96D22D9D1A1FD58100E0ADE3 /* SnookerScoreMasterTests.m */; };
/* End PBXBuildFile section */

/* Begin PBXContainerItemProxy section */
		96D22D981A1FD58100E0ADE3 /* PBXContainerItemProxy */ = {
			isa = PBXContainerItemProxy;
			containerPortal = 96D22D761A1FD58100E0ADE3 /* Project object */;
			proxyType = 1;
			remoteGlobalIDString = 96D22D7D1A1FD58100E0ADE3;
			remoteInfo = SnookerScoreMaster;
		};
/* End PBXContainerItemProxy section */

/* Begin PBXFileReference section */
		3A35C1901BCD901F00B89BD2 /* Archived-En.png */ = {isa = PBXFileReference; lastKnownFileType = image.png; path = "Archived-En.png"; sourceTree = "<group>"; };
		3A6172C71BC9616E004B9198 /* gameVC.h */ = {isa = PBXFileReference; fileEncoding = 4; lastKnownFileType = sourcecode.c.h; path = gameVC.h; sourceTree = "<group>"; };
		3A6172C81BC9616E004B9198 /* gameVC.m */ = {isa = PBXFileReference; fileEncoding = 4; lastKnownFileType = sourcecode.c.objc; path = gameVC.m; sourceTree = "<group>"; };
		3A6172C91BC9616E004B9198 /* adjustVC.h */ = {isa = PBXFileReference; fileEncoding = 4; lastKnownFileType = sourcecode.c.h; path = adjustVC.h; sourceTree = "<group>"; };
		3A6172CA1BC9616E004B9198 /* adjustVC.m */ = {isa = PBXFileReference; fileEncoding = 4; lastKnownFileType = sourcecode.c.objc; path = adjustVC.m; sourceTree = "<group>"; };
		3A6172CB1BC9616E004B9198 /* statsViewController.h */ = {isa = PBXFileReference; fileEncoding = 4; lastKnownFileType = sourcecode.c.h; path = statsViewController.h; sourceTree = "<group>"; };
		3A6172CC1BC9616E004B9198 /* statsViewController.m */ = {isa = PBXFileReference; fileEncoding = 4; lastKnownFileType = sourcecode.c.objc; path = statsViewController.m; sourceTree = "<group>"; };
		3A6172CF1BC9616E004B9198 /* breakEntry.h */ = {isa = PBXFileReference; fileEncoding = 4; lastKnownFileType = sourcecode.c.h; path = breakEntry.h; sourceTree = "<group>"; };
		3A6172D01BC9616E004B9198 /* breakEntry.m */ = {isa = PBXFileReference; fileEncoding = 4; lastKnownFileType = sourcecode.c.objc; path = breakEntry.m; sourceTree = "<group>"; };
		3A6172D11BC9616E004B9198 /* frameScore.h */ = {isa = PBXFileReference; fileEncoding = 4; lastKnownFileType = sourcecode.c.h; path = frameScore.h; sourceTree = "<group>"; };
		3A6172D21BC9616E004B9198 /* frameScore.m */ = {isa = PBXFileReference; fileEncoding = 4; lastKnownFileType = sourcecode.c.objc; path = frameScore.m; sourceTree = "<group>"; };
		3A6172D31BC9616E004B9198 /* indicator.h */ = {isa = PBXFileReference; fileEncoding = 4; lastKnownFileType = sourcecode.c.h; path = indicator.h; sourceTree = "<group>"; };
		3A6172D41BC9616E004B9198 /* indicator.m */ = {isa = PBXFileReference; fileEncoding = 4; lastKnownFileType = sourcecode.c.objc; path = indicator.m; sourceTree = "<group>"; };
		3A6172D61BC9616E004B9198 /* DraggableView.h */ = {isa = PBXFileReference; fileEncoding = 4; lastKnownFileType = sourcecode.c.h; path = DraggableView.h; sourceTree = "<group>"; };
		3A6172D71BC9616E004B9198 /* DraggableView.m */ = {isa = PBXFileReference; fileEncoding = 4; lastKnownFileType = sourcecode.c.objc; path = DraggableView.m; sourceTree = "<group>"; };
		3A6172D81BC9616E004B9198 /* statsV.h */ = {isa = PBXFileReference; fileEncoding = 4; lastKnownFileType = sourcecode.c.h; path = statsV.h; sourceTree = "<group>"; };
		3A6172D91BC9616E004B9198 /* statsV.m */ = {isa = PBXFileReference; fileEncoding = 4; lastKnownFileType = sourcecode.c.objc; path = statsV.m; sourceTree = "<group>"; };
		3A6172E31BC961C3004B9198 /* Settings.bundle */ = {isa = PBXFileReference; lastKnownFileType = "wrapper.plug-in"; name = Settings.bundle; path = ../../SnookerScoreLite/SnookerScoreLite/SnookerScoreLite/Settings.bundle; sourceTree = "<group>"; };
		3A6172E51BC96478004B9198 /* libsqlite3.tbd */ = {isa = PBXFileReference; lastKnownFileType = "sourcecode.text-based-dylib-definition"; name = libsqlite3.tbd; path = usr/lib/libsqlite3.tbd; sourceTree = SDKROOT; };
		3A6172E71BC965AD004B9198 /* main.m */ = {isa = PBXFileReference; fileEncoding = 4; lastKnownFileType = sourcecode.c.objc; path = main.m; sourceTree = "<group>"; };
		3AB429041BC95E83002FE58E /* Main.storyboard */ = {isa = PBXFileReference; fileEncoding = 4; lastKnownFileType = file.storyboard; path = Main.storyboard; sourceTree = "<group>"; };
		3AB429051BC95E83002FE58E /* LaunchScreen.xib */ = {isa = PBXFileReference; fileEncoding = 4; lastKnownFileType = file.xib; path = LaunchScreen.xib; sourceTree = "<group>"; };
		3AE520631BC960FD00D08517 /* dbHelper.h */ = {isa = PBXFileReference; fileEncoding = 4; lastKnownFileType = sourcecode.c.h; path = dbHelper.h; sourceTree = "<group>"; };
		3AE520641BC960FD00D08517 /* dbHelper.m */ = {isa = PBXFileReference; fileEncoding = 4; lastKnownFileType = sourcecode.c.objc; path = dbHelper.m; sourceTree = "<group>"; };
		3AE520661BC960FD00D08517 /* ballShot.h */ = {isa = PBXFileReference; fileEncoding = 4; lastKnownFileType = sourcecode.c.h; path = ballShot.h; sourceTree = "<group>"; };
		3AE520671BC960FD00D08517 /* ballShot.m */ = {isa = PBXFileReference; fileEncoding = 4; lastKnownFileType = sourcecode.c.objc; path = ballShot.m; sourceTree = "<group>"; };
		3AE520681BC960FD00D08517 /* ball.h */ = {isa = PBXFileReference; fileEncoding = 4; lastKnownFileType = sourcecode.c.h; path = ball.h; sourceTree = "<group>"; };
		3AE520691BC960FD00D08517 /* ball.m */ = {isa = PBXFileReference; fileEncoding = 4; lastKnownFileType = sourcecode.c.objc; path = ball.m; sourceTree = "<group>"; };
		3AE5206A1BC960FD00D08517 /* player.h */ = {isa = PBXFileReference; fileEncoding = 4; lastKnownFileType = sourcecode.c.h; path = player.h; sourceTree = "<group>"; };
		3AE5206B1BC960FD00D08517 /* player.m */ = {isa = PBXFileReference; fileEncoding = 4; lastKnownFileType = sourcecode.c.objc; path = player.m; sourceTree = "<group>"; };
		3AE5206C1BC960FD00D08517 /* frame.h */ = {isa = PBXFileReference; fileEncoding = 4; lastKnownFileType = sourcecode.c.h; path = frame.h; sourceTree = "<group>"; };
		3AE5206D1BC960FD00D08517 /* frame.m */ = {isa = PBXFileReference; fileEncoding = 4; lastKnownFileType = sourcecode.c.objc; path = frame.m; sourceTree = "<group>"; };
		3AE5206E1BC960FD00D08517 /* shotView.h */ = {isa = PBXFileReference; fileEncoding = 4; lastKnownFileType = sourcecode.c.h; path = shotView.h; sourceTree = "<group>"; };
		3AE5206F1BC960FD00D08517 /* shotView.m */ = {isa = PBXFileReference; fileEncoding = 4; lastKnownFileType = sourcecode.c.objc; path = shotView.m; sourceTree = "<group>"; };
		3AE520701BC960FD00D08517 /* breakBallCell.h */ = {isa = PBXFileReference; fileEncoding = 4; lastKnownFileType = sourcecode.c.h; path = breakBallCell.h; sourceTree = "<group>"; };
		3AE520711BC960FD00D08517 /* breakBallCell.m */ = {isa = PBXFileReference; fileEncoding = 4; lastKnownFileType = sourcecode.c.objc; path = breakBallCell.m; sourceTree = "<group>"; };
		3AE520721BC960FD00D08517 /* snookerbreak.h */ = {isa = PBXFileReference; fileEncoding = 4; lastKnownFileType = sourcecode.c.h; path = snookerbreak.h; sourceTree = "<group>"; };
		3AE520731BC960FD00D08517 /* snookerbreak.m */ = {isa = PBXFileReference; fileEncoding = 4; lastKnownFileType = sourcecode.c.objc; path = snookerbreak.m; sourceTree = "<group>"; };
		3AE520741BC960FD00D08517 /* OldBallShot.h */ = {isa = PBXFileReference; fileEncoding = 4; lastKnownFileType = sourcecode.c.h; path = OldBallShot.h; sourceTree = "<group>"; };
		3AE520751BC960FD00D08517 /* OldBallShot.m */ = {isa = PBXFileReference; fileEncoding = 4; lastKnownFileType = sourcecode.c.objc; path = OldBallShot.m; sourceTree = "<group>"; };
		3AE520761BC960FD00D08517 /* NSData+Base64.h */ = {isa = PBXFileReference; fileEncoding = 4; lastKnownFileType = sourcecode.c.h; path = "NSData+Base64.h"; sourceTree = "<group>"; };
		3AE520771BC960FD00D08517 /* NSData+Base64.m */ = {isa = PBXFileReference; fileEncoding = 4; lastKnownFileType = sourcecode.c.objc; path = "NSData+Base64.m"; sourceTree = "<group>"; };
		3AE5207A1BC960FD00D08517 /* close-black.png */ = {isa = PBXFileReference; lastKnownFileType = image.png; path = "close-black.png"; sourceTree = "<group>"; };
		3AE5207B1BC960FD00D08517 /* tweet_orange64x64.png */ = {isa = PBXFileReference; lastKnownFileType = image.png; path = tweet_orange64x64.png; sourceTree = "<group>"; };
		3AE5207C1BC960FD00D08517 /* black_07_small.png */ = {isa = PBXFileReference; lastKnownFileType = image.png; path = black_07_small.png; sourceTree = "<group>"; };
		3AE5207D1BC960FD00D08517 /* pink_06_small.png */ = {isa = PBXFileReference; lastKnownFileType = image.png; path = pink_06_small.png; sourceTree = "<group>"; };
		3AE5207E1BC960FD00D08517 /* triangle.png */ = {isa = PBXFileReference; lastKnownFileType = image.png; path = triangle.png; sourceTree = "<group>"; };
		3AE5207F1BC960FD00D08517 /* blue_05_small.png */ = {isa = PBXFileReference; lastKnownFileType = image.png; path = blue_05_small.png; sourceTree = "<group>"; };
		3AE520801BC960FD00D08517 /* brown_04_small.png */ = {isa = PBXFileReference; lastKnownFileType = image.png; path = brown_04_small.png; sourceTree = "<group>"; };
		3AE520811BC960FD00D08517 /* green_03_small.png */ = {isa = PBXFileReference; lastKnownFileType = image.png; path = green_03_small.png; sourceTree = "<group>"; };
		3AE520821BC960FD00D08517 /* yellow_02_small.png */ = {isa = PBXFileReference; lastKnownFileType = image.png; path = yellow_02_small.png; sourceTree = "<group>"; };
		3AE520831BC960FD00D08517 /* red_01_small.png */ = {isa = PBXFileReference; lastKnownFileType = image.png; path = red_01_small.png; sourceTree = "<group>"; };
		3AE520841BC960FD00D08517 /* cueball.png */ = {isa = PBXFileReference; lastKnownFileType = image.png; path = cueball.png; sourceTree = "<group>"; };
		3AE520851BC960FD00D08517 /* black_07.png */ = {isa = PBXFileReference; lastKnownFileType = image.png; path = black_07.png; sourceTree = "<group>"; };
		3AE520861BC960FD00D08517 /* blue_05.png */ = {isa = PBXFileReference; lastKnownFileType = image.png; path = blue_05.png; sourceTree = "<group>"; };
		3AE520871BC960FD00D08517 /* brown_04.png */ = {isa = PBXFileReference; lastKnownFileType = image.png; path = brown_04.png; sourceTree = "<group>"; };
		3AE520881BC960FD00D08517 /* green_03.png */ = {isa = PBXFileReference; lastKnownFileType = image.png; path = green_03.png; sourceTree = "<group>"; };
		3AE520891BC960FD00D08517 /* pink_06.png */ = {isa = PBXFileReference; lastKnownFileType = image.png; path = pink_06.png; sourceTree = "<group>"; };
		3AE5208A1BC960FD00D08517 /* red_01.png */ = {isa = PBXFileReference; lastKnownFileType = image.png; path = red_01.png; sourceTree = "<group>"; };
		3AE5208B1BC960FD00D08517 /* greenbaize_clear.jpg */ = {isa = PBXFileReference; lastKnownFileType = image.jpeg; path = greenbaize_clear.jpg; sourceTree = "<group>"; };
		3AE5208C1BC960FD00D08517 /* medal-bronze.png */ = {isa = PBXFileReference; lastKnownFileType = image.png; path = "medal-bronze.png"; sourceTree = "<group>"; };
		3AE5208D1BC960FD00D08517 /* close-orange.png */ = {isa = PBXFileReference; lastKnownFileType = image.png; path = "close-orange.png"; sourceTree = "<group>"; };
		3AE5208E1BC960FD00D08517 /* medal-gold.png */ = {isa = PBXFileReference; lastKnownFileType = image.png; path = "medal-gold.png"; sourceTree = "<group>"; };
		3AE5208F1BC960FD00D08517 /* medal-silver.png */ = {isa = PBXFileReference; lastKnownFileType = image.png; path = "medal-silver.png"; sourceTree = "<group>"; };
		3AE520901BC960FD00D08517 /* Reds-Triangle.png */ = {isa = PBXFileReference; lastKnownFileType = image.png; path = "Reds-Triangle.png"; sourceTree = "<group>"; };
		3AE520911BC960FD00D08517 /* snookerplayer4.png */ = {isa = PBXFileReference; lastKnownFileType = image.png; path = snookerplayer4.png; sourceTree = "<group>"; };
		3AE520921BC960FD00D08517 /* SSM2.png */ = {isa = PBXFileReference; lastKnownFileType = image.png; path = SSM2.png; sourceTree = "<group>"; };
		3AE520931BC960FD00D08517 /* SSM3.png */ = {isa = PBXFileReference; lastKnownFileType = image.png; path = SSM3.png; sourceTree = "<group>"; };
		3AE520941BC960FD00D08517 /* SSMballs - 1.png */ = {isa = PBXFileReference; lastKnownFileType = image.png; path = "SSMballs - 1.png"; sourceTree = "<group>"; };
		3AE520951BC960FD00D08517 /* white00_500x500.png */ = {isa = PBXFileReference; lastKnownFileType = image.png; path = white00_500x500.png; sourceTree = "<group>"; };
		3AE520961BC960FD00D08517 /* yellow_02.png */ = {isa = PBXFileReference; lastKnownFileType = image.png; path = yellow_02.png; sourceTree = "<group>"; };
		96D22D7E1A1FD58100E0ADE3 /* SnookerScoreMaster.app */ = {isa = PBXFileReference; explicitFileType = wrapper.application; includeInIndex = 0; path = SnookerScoreMaster.app; sourceTree = BUILT_PRODUCTS_DIR; };
		96D22D821A1FD58100E0ADE3 /* Info.plist */ = {isa = PBXFileReference; lastKnownFileType = text.plist.xml; path = Info.plist; sourceTree = "<group>"; };
		96D22D851A1FD58100E0ADE3 /* AppDelegate.h */ = {isa = PBXFileReference; lastKnownFileType = sourcecode.c.h; path = AppDelegate.h; sourceTree = "<group>"; };
		96D22D861A1FD58100E0ADE3 /* AppDelegate.m */ = {isa = PBXFileReference; lastKnownFileType = sourcecode.c.objc; path = AppDelegate.m; sourceTree = "<group>"; };
		96D22D8E1A1FD58100E0ADE3 /* Images.xcassets */ = {isa = PBXFileReference; lastKnownFileType = folder.assetcatalog; path = Images.xcassets; sourceTree = "<group>"; };
		96D22D911A1FD58100E0ADE3 /* Base */ = {isa = PBXFileReference; lastKnownFileType = file.xib; name = Base; path = Base.lproj/LaunchScreen.xib; sourceTree = "<group>"; };
		96D22D971A1FD58100E0ADE3 /* SnookerScoreMasterTests.xctest */ = {isa = PBXFileReference; explicitFileType = wrapper.cfbundle; includeInIndex = 0; path = SnookerScoreMasterTests.xctest; sourceTree = BUILT_PRODUCTS_DIR; };
		96D22D9C1A1FD58100E0ADE3 /* Info.plist */ = {isa = PBXFileReference; lastKnownFileType = text.plist.xml; path = Info.plist; sourceTree = "<group>"; };
		96D22D9D1A1FD58100E0ADE3 /* SnookerScoreMasterTests.m */ = {isa = PBXFileReference; lastKnownFileType = sourcecode.c.objc; path = SnookerScoreMasterTests.m; sourceTree = "<group>"; };
/* End PBXFileReference section */

/* Begin PBXFrameworksBuildPhase section */
		96D22D7B1A1FD58100E0ADE3 /* Frameworks */ = {
			isa = PBXFrameworksBuildPhase;
			buildActionMask = 2147483647;
			files = (
				3A6172E61BC96478004B9198 /* libsqlite3.tbd in Frameworks */,
			);
			runOnlyForDeploymentPostprocessing = 0;
		};
		96D22D941A1FD58100E0ADE3 /* Frameworks */ = {
			isa = PBXFrameworksBuildPhase;
			buildActionMask = 2147483647;
			files = (
			);
			runOnlyForDeploymentPostprocessing = 0;
		};
/* End PBXFrameworksBuildPhase section */

/* Begin PBXGroup section */
		3A6172CD1BC9616E004B9198 /* Obsolete */ = {
			isa = PBXGroup;
			children = (
				3A6172CB1BC9616E004B9198 /* statsViewController.h */,
				3A6172CC1BC9616E004B9198 /* statsViewController.m */,
			);
			name = Obsolete;
			sourceTree = "<group>";
		};
		3A6172CE1BC9616E004B9198 /* UIViewControllers */ = {
			isa = PBXGroup;
			children = (
				3A6172C71BC9616E004B9198 /* gameVC.h */,
				3A6172C81BC9616E004B9198 /* gameVC.m */,
				3A6172C91BC9616E004B9198 /* adjustVC.h */,
				3A6172CA1BC9616E004B9198 /* adjustVC.m */,
				3A6172CD1BC9616E004B9198 /* Obsolete */,
			);
			name = UIViewControllers;
			path = ../../SnookerScoreLite/SnookerScoreLite/SnookerScoreLite;
			sourceTree = "<group>";
		};
		3A6172D51BC9616E004B9198 /* UITextFields */ = {
			isa = PBXGroup;
			children = (
				3A6172CF1BC9616E004B9198 /* breakEntry.h */,
				3A6172D01BC9616E004B9198 /* breakEntry.m */,
				3A6172D11BC9616E004B9198 /* frameScore.h */,
				3A6172D21BC9616E004B9198 /* frameScore.m */,
				3A6172D31BC9616E004B9198 /* indicator.h */,
				3A6172D41BC9616E004B9198 /* indicator.m */,
			);
			name = UITextFields;
			path = ../../SnookerScoreLite/SnookerScoreLite/SnookerScoreLite;
			sourceTree = "<group>";
		};
		3A6172DA1BC9616E004B9198 /* UIViews */ = {
			isa = PBXGroup;
			children = (
				3A6172D61BC9616E004B9198 /* DraggableView.h */,
				3A6172D71BC9616E004B9198 /* DraggableView.m */,
				3A6172D81BC9616E004B9198 /* statsV.h */,
				3A6172D91BC9616E004B9198 /* statsV.m */,
			);
			name = UIViews;
			path = ../../SnookerScoreLite/SnookerScoreLite/SnookerScoreLite;
			sourceTree = "<group>";
		};
		3AE520651BC960FD00D08517 /* DatabaseLayer */ = {
			isa = PBXGroup;
			children = (
				3AE520631BC960FD00D08517 /* dbHelper.h */,
				3AE520641BC960FD00D08517 /* dbHelper.m */,
			);
			name = DatabaseLayer;
			sourceTree = "<group>";
		};
		3AE520781BC960FD00D08517 /* Obsolete */ = {
			isa = PBXGroup;
			children = (
				3AE520721BC960FD00D08517 /* snookerbreak.h */,
				3AE520731BC960FD00D08517 /* snookerbreak.m */,
				3AE520741BC960FD00D08517 /* OldBallShot.h */,
				3AE520751BC960FD00D08517 /* OldBallShot.m */,
				3AE520761BC960FD00D08517 /* NSData+Base64.h */,
				3AE520771BC960FD00D08517 /* NSData+Base64.m */,
			);
			name = Obsolete;
			sourceTree = "<group>";
		};
		3AE520791BC960FD00D08517 /* NSObjects */ = {
			isa = PBXGroup;
			children = (
				3AE520651BC960FD00D08517 /* DatabaseLayer */,
				3AE520661BC960FD00D08517 /* ballShot.h */,
				3AE520671BC960FD00D08517 /* ballShot.m */,
				3AE520681BC960FD00D08517 /* ball.h */,
				3AE520691BC960FD00D08517 /* ball.m */,
				3AE5206A1BC960FD00D08517 /* player.h */,
				3AE5206B1BC960FD00D08517 /* player.m */,
				3AE5206C1BC960FD00D08517 /* frame.h */,
				3AE5206D1BC960FD00D08517 /* frame.m */,
				3AE5206E1BC960FD00D08517 /* shotView.h */,
				3AE5206F1BC960FD00D08517 /* shotView.m */,
				3AE520701BC960FD00D08517 /* breakBallCell.h */,
				3AE520711BC960FD00D08517 /* breakBallCell.m */,
				3AE520781BC960FD00D08517 /* Obsolete */,
			);
			name = NSObjects;
			path = ../../SnookerScoreLite/SnookerScoreLite/SnookerScoreLite;
			sourceTree = "<group>";
		};
		3AE520971BC960FD00D08517 /* images */ = {
			isa = PBXGroup;
			children = (
				3A35C1901BCD901F00B89BD2 /* Archived-En.png */,
				3AE5207A1BC960FD00D08517 /* close-black.png */,
				3AE5207B1BC960FD00D08517 /* tweet_orange64x64.png */,
				3AE5207C1BC960FD00D08517 /* black_07_small.png */,
				3AE5207D1BC960FD00D08517 /* pink_06_small.png */,
				3AE5207E1BC960FD00D08517 /* triangle.png */,
				3AE5207F1BC960FD00D08517 /* blue_05_small.png */,
				3AE520801BC960FD00D08517 /* brown_04_small.png */,
				3AE520811BC960FD00D08517 /* green_03_small.png */,
				3AE520821BC960FD00D08517 /* yellow_02_small.png */,
				3AE520831BC960FD00D08517 /* red_01_small.png */,
				3AE520841BC960FD00D08517 /* cueball.png */,
				3AE520851BC960FD00D08517 /* black_07.png */,
				3AE520861BC960FD00D08517 /* blue_05.png */,
				3AE520871BC960FD00D08517 /* brown_04.png */,
				3AE520881BC960FD00D08517 /* green_03.png */,
				3AE520891BC960FD00D08517 /* pink_06.png */,
				3AE5208A1BC960FD00D08517 /* red_01.png */,
				3AE5208B1BC960FD00D08517 /* greenbaize_clear.jpg */,
				3AE5208C1BC960FD00D08517 /* medal-bronze.png */,
				3AE5208D1BC960FD00D08517 /* close-orange.png */,
				3AE5208E1BC960FD00D08517 /* medal-gold.png */,
				3AE5208F1BC960FD00D08517 /* medal-silver.png */,
				3AE520901BC960FD00D08517 /* Reds-Triangle.png */,
				3AE520911BC960FD00D08517 /* snookerplayer4.png */,
				3AE520921BC960FD00D08517 /* SSM2.png */,
				3AE520931BC960FD00D08517 /* SSM3.png */,
				3AE520941BC960FD00D08517 /* SSMballs - 1.png */,
				3AE520951BC960FD00D08517 /* white00_500x500.png */,
				3AE520961BC960FD00D08517 /* yellow_02.png */,
			);
			name = images;
			path = ../../SnookerScoreLite/SnookerScoreLite/SnookerScoreLite;
			sourceTree = "<group>";
		};
		96D22D751A1FD58100E0ADE3 = {
			isa = PBXGroup;
			children = (
				3A6172E51BC96478004B9198 /* libsqlite3.tbd */,
				96D22D801A1FD58100E0ADE3 /* SnookerScoreMaster */,
				96D22D9A1A1FD58100E0ADE3 /* SnookerScoreMasterTests */,
				96D22D7F1A1FD58100E0ADE3 /* Products */,
			);
			sourceTree = "<group>";
		};
		96D22D7F1A1FD58100E0ADE3 /* Products */ = {
			isa = PBXGroup;
			children = (
				96D22D7E1A1FD58100E0ADE3 /* SnookerScoreMaster.app */,
				96D22D971A1FD58100E0ADE3 /* SnookerScoreMasterTests.xctest */,
			);
			name = Products;
			sourceTree = "<group>";
		};
		96D22D801A1FD58100E0ADE3 /* SnookerScoreMaster */ = {
			isa = PBXGroup;
			children = (
				3AE520791BC960FD00D08517 /* NSObjects */,
				3AE520971BC960FD00D08517 /* images */,
				3A6172CE1BC9616E004B9198 /* UIViewControllers */,
				3A6172D51BC9616E004B9198 /* UITextFields */,
				3A6172DA1BC9616E004B9198 /* UIViews */,
				3AB429041BC95E83002FE58E /* Main.storyboard */,
				3AB429051BC95E83002FE58E /* LaunchScreen.xib */,
				96D22D851A1FD58100E0ADE3 /* AppDelegate.h */,
				96D22D861A1FD58100E0ADE3 /* AppDelegate.m */,
				96D22D8E1A1FD58100E0ADE3 /* Images.xcassets */,
				96D22D901A1FD58100E0ADE3 /* LaunchScreen.xib */,
				96D22D811A1FD58100E0ADE3 /* Supporting Files */,
			);
			path = SnookerScoreMaster;
			sourceTree = "<group>";
		};
		96D22D811A1FD58100E0ADE3 /* Supporting Files */ = {
			isa = PBXGroup;
			children = (
				3A6172E31BC961C3004B9198 /* Settings.bundle */,
				96D22D821A1FD58100E0ADE3 /* Info.plist */,
				3A6172E71BC965AD004B9198 /* main.m */,
			);
			name = "Supporting Files";
			sourceTree = "<group>";
		};
		96D22D9A1A1FD58100E0ADE3 /* SnookerScoreMasterTests */ = {
			isa = PBXGroup;
			children = (
				96D22D9D1A1FD58100E0ADE3 /* SnookerScoreMasterTests.m */,
				96D22D9B1A1FD58100E0ADE3 /* Supporting Files */,
			);
			path = SnookerScoreMasterTests;
			sourceTree = "<group>";
		};
		96D22D9B1A1FD58100E0ADE3 /* Supporting Files */ = {
			isa = PBXGroup;
			children = (
				96D22D9C1A1FD58100E0ADE3 /* Info.plist */,
			);
			name = "Supporting Files";
			sourceTree = "<group>";
		};
/* End PBXGroup section */

/* Begin PBXNativeTarget section */
		96D22D7D1A1FD58100E0ADE3 /* SnookerScoreMaster */ = {
			isa = PBXNativeTarget;
			buildConfigurationList = 96D22DA11A1FD58100E0ADE3 /* Build configuration list for PBXNativeTarget "SnookerScoreMaster" */;
			buildPhases = (
				96D22D7A1A1FD58100E0ADE3 /* Sources */,
				96D22D7B1A1FD58100E0ADE3 /* Frameworks */,
				96D22D7C1A1FD58100E0ADE3 /* Resources */,
			);
			buildRules = (
			);
			dependencies = (
			);
			name = SnookerScoreMaster;
			productName = SnookerScoreMaster;
			productReference = 96D22D7E1A1FD58100E0ADE3 /* SnookerScoreMaster.app */;
			productType = "com.apple.product-type.application";
		};
		96D22D961A1FD58100E0ADE3 /* SnookerScoreMasterTests */ = {
			isa = PBXNativeTarget;
			buildConfigurationList = 96D22DA41A1FD58100E0ADE3 /* Build configuration list for PBXNativeTarget "SnookerScoreMasterTests" */;
			buildPhases = (
				96D22D931A1FD58100E0ADE3 /* Sources */,
				96D22D941A1FD58100E0ADE3 /* Frameworks */,
				96D22D951A1FD58100E0ADE3 /* Resources */,
			);
			buildRules = (
			);
			dependencies = (
				96D22D991A1FD58100E0ADE3 /* PBXTargetDependency */,
			);
			name = SnookerScoreMasterTests;
			productName = SnookerScoreMasterTests;
			productReference = 96D22D971A1FD58100E0ADE3 /* SnookerScoreMasterTests.xctest */;
			productType = "com.apple.product-type.bundle.unit-test";
		};
/* End PBXNativeTarget section */

/* Begin PBXProject section */
		96D22D761A1FD58100E0ADE3 /* Project object */ = {
			isa = PBXProject;
			attributes = {
				LastUpgradeCheck = 0610;
				ORGANIZATIONNAME = "andrew glew";
				TargetAttributes = {
					96D22D7D1A1FD58100E0ADE3 = {
						CreatedOnToolsVersion = 6.1;
						DevelopmentTeam = 6QW2ZP6GTA;
					};
					96D22D961A1FD58100E0ADE3 = {
						CreatedOnToolsVersion = 6.1;
						TestTargetID = 96D22D7D1A1FD58100E0ADE3;
					};
				};
			};
			buildConfigurationList = 96D22D791A1FD58100E0ADE3 /* Build configuration list for PBXProject "SnookerScoreMaster" */;
			compatibilityVersion = "Xcode 3.2";
			developmentRegion = English;
			hasScannedForEncodings = 0;
			knownRegions = (
				en,
				Base,
			);
			mainGroup = 96D22D751A1FD58100E0ADE3;
			productRefGroup = 96D22D7F1A1FD58100E0ADE3 /* Products */;
			projectDirPath = "";
			projectRoot = "";
			targets = (
				96D22D7D1A1FD58100E0ADE3 /* SnookerScoreMaster */,
				96D22D961A1FD58100E0ADE3 /* SnookerScoreMasterTests */,
			);
		};
/* End PBXProject section */

/* Begin PBXResourcesBuildPhase section */
		96D22D7C1A1FD58100E0ADE3 /* Resources */ = {
			isa = PBXResourcesBuildPhase;
			buildActionMask = 2147483647;
			files = (
				3AE520A81BC960FD00D08517 /* brown_04_small.png in Resources */,
				3AE520A41BC960FD00D08517 /* black_07_small.png in Resources */,
				3AE520BC1BC960FD00D08517 /* SSMballs - 1.png in Resources */,
				3AE520BB1BC960FD00D08517 /* SSM3.png in Resources */,
				3AE520A61BC960FD00D08517 /* triangle.png in Resources */,
				3AE520AF1BC960FD00D08517 /* brown_04.png in Resources */,
				3AE520AB1BC960FD00D08517 /* red_01_small.png in Resources */,
				3AE520A91BC960FD00D08517 /* green_03_small.png in Resources */,
				3AE520B01BC960FD00D08517 /* green_03.png in Resources */,
				3AE520A51BC960FD00D08517 /* pink_06_small.png in Resources */,
				3AE520AC1BC960FD00D08517 /* cueball.png in Resources */,
				3AE520AD1BC960FD00D08517 /* black_07.png in Resources */,
				3AE520AE1BC960FD00D08517 /* blue_05.png in Resources */,
				3AE520BD1BC960FD00D08517 /* white00_500x500.png in Resources */,
				3AE520B71BC960FD00D08517 /* medal-silver.png in Resources */,
				3AE520BA1BC960FD00D08517 /* SSM2.png in Resources */,
				3AE520B61BC960FD00D08517 /* medal-gold.png in Resources */,
				3AE520B81BC960FD00D08517 /* Reds-Triangle.png in Resources */,
				3AB429071BC95E83002FE58E /* LaunchScreen.xib in Resources */,
				3AE520BE1BC960FD00D08517 /* yellow_02.png in Resources */,
				3AE520A31BC960FD00D08517 /* tweet_orange64x64.png in Resources */,
				3AE520B21BC960FD00D08517 /* red_01.png in Resources */,
				3AE520B31BC960FD00D08517 /* greenbaize_clear.jpg in Resources */,
				3AE520B91BC960FD00D08517 /* snookerplayer4.png in Resources */,
				3AB429061BC95E83002FE58E /* Main.storyboard in Resources */,
				3AE520A71BC960FD00D08517 /* blue_05_small.png in Resources */,
				3A6172E41BC961C3004B9198 /* Settings.bundle in Resources */,
				3AE520B11BC960FD00D08517 /* pink_06.png in Resources */,
				3AE520B41BC960FD00D08517 /* medal-bronze.png in Resources */,
				96D22D921A1FD58100E0ADE3 /* LaunchScreen.xib in Resources */,
				3AE520A21BC960FD00D08517 /* close-black.png in Resources */,
				96D22D8F1A1FD58100E0ADE3 /* Images.xcassets in Resources */,
				3AE520AA1BC960FD00D08517 /* yellow_02_small.png in Resources */,
				3A35C1911BCD901F00B89BD2 /* Archived-En.png in Resources */,
				3AE520B51BC960FD00D08517 /* close-orange.png in Resources */,
			);
			runOnlyForDeploymentPostprocessing = 0;
		};
		96D22D951A1FD58100E0ADE3 /* Resources */ = {
			isa = PBXResourcesBuildPhase;
			buildActionMask = 2147483647;
			files = (
			);
			runOnlyForDeploymentPostprocessing = 0;
		};
/* End PBXResourcesBuildPhase section */

/* Begin PBXSourcesBuildPhase section */
		96D22D7A1A1FD58100E0ADE3 /* Sources */ = {
			isa = PBXSourcesBuildPhase;
			buildActionMask = 2147483647;
			files = (
				3A6172E01BC9616E004B9198 /* indicator.m in Sources */,
				3AE520A01BC960FD00D08517 /* OldBallShot.m in Sources */,
				3AE5209A1BC960FD00D08517 /* ball.m in Sources */,
				3AE5209F1BC960FD00D08517 /* snookerbreak.m in Sources */,
				3AE520A11BC960FD00D08517 /* NSData+Base64.m in Sources */,
				3A6172E11BC9616E004B9198 /* DraggableView.m in Sources */,
				96D22D871A1FD58100E0ADE3 /* AppDelegate.m in Sources */,
				3AE5209B1BC960FD00D08517 /* player.m in Sources */,
				3AE520981BC960FD00D08517 /* dbHelper.m in Sources */,
				3A6172DC1BC9616E004B9198 /* adjustVC.m in Sources */,
				3A6172E81BC965AD004B9198 /* main.m in Sources */,
				3A6172E21BC9616E004B9198 /* statsV.m in Sources */,
				3A6172DE1BC9616E004B9198 /* breakEntry.m in Sources */,
				3AE5209C1BC960FD00D08517 /* frame.m in Sources */,
				3A6172DD1BC9616E004B9198 /* statsViewController.m in Sources */,
				3A6172DF1BC9616E004B9198 /* frameScore.m in Sources */,
				3AE520991BC960FD00D08517 /* ballShot.m in Sources */,
				3A6172DB1BC9616E004B9198 /* gameVC.m in Sources */,
				3AE5209E1BC960FD00D08517 /* breakBallCell.m in Sources */,
				3AE5209D1BC960FD00D08517 /* shotView.m in Sources */,
			);
			runOnlyForDeploymentPostprocessing = 0;
		};
		96D22D931A1FD58100E0ADE3 /* Sources */ = {
			isa = PBXSourcesBuildPhase;
			buildActionMask = 2147483647;
			files = (
				96D22D9E1A1FD58100E0ADE3 /* SnookerScoreMasterTests.m in Sources */,
			);
			runOnlyForDeploymentPostprocessing = 0;
		};
/* End PBXSourcesBuildPhase section */

/* Begin PBXTargetDependency section */
		96D22D991A1FD58100E0ADE3 /* PBXTargetDependency */ = {
			isa = PBXTargetDependency;
			target = 96D22D7D1A1FD58100E0ADE3 /* SnookerScoreMaster */;
			targetProxy = 96D22D981A1FD58100E0ADE3 /* PBXContainerItemProxy */;
		};
/* End PBXTargetDependency section */

/* Begin PBXVariantGroup section */
		96D22D901A1FD58100E0ADE3 /* LaunchScreen.xib */ = {
			isa = PBXVariantGroup;
			children = (
				96D22D911A1FD58100E0ADE3 /* Base */,
			);
			name = LaunchScreen.xib;
			sourceTree = "<group>";
		};
/* End PBXVariantGroup section */

/* Begin XCBuildConfiguration section */
		96D22D9F1A1FD58100E0ADE3 /* Debug */ = {
			isa = XCBuildConfiguration;
			buildSettings = {
				ALWAYS_SEARCH_USER_PATHS = NO;
				CLANG_CXX_LANGUAGE_STANDARD = "gnu++0x";
				CLANG_CXX_LIBRARY = "libc++";
				CLANG_ENABLE_MODULES = YES;
				CLANG_ENABLE_OBJC_ARC = YES;
				CLANG_WARN_BOOL_CONVERSION = YES;
				CLANG_WARN_CONSTANT_CONVERSION = YES;
				CLANG_WARN_DIRECT_OBJC_ISA_USAGE = YES_ERROR;
				CLANG_WARN_EMPTY_BODY = YES;
				CLANG_WARN_ENUM_CONVERSION = YES;
				CLANG_WARN_INT_CONVERSION = YES;
				CLANG_WARN_OBJC_ROOT_CLASS = YES_ERROR;
				CLANG_WARN_UNREACHABLE_CODE = YES;
				CLANG_WARN__DUPLICATE_METHOD_MATCH = YES;
				"CODE_SIGN_IDENTITY[sdk=iphoneos*]" = "iPhone Developer";
				COPY_PHASE_STRIP = NO;
				ENABLE_STRICT_OBJC_MSGSEND = YES;
				GCC_C_LANGUAGE_STANDARD = gnu99;
				GCC_DYNAMIC_NO_PIC = NO;
				GCC_OPTIMIZATION_LEVEL = 0;
				GCC_PREPROCESSOR_DEFINITIONS = (
					"DEBUG=1",
					"$(inherited)",
				);
				GCC_SYMBOLS_PRIVATE_EXTERN = NO;
				GCC_WARN_64_TO_32_BIT_CONVERSION = YES;
				GCC_WARN_ABOUT_RETURN_TYPE = YES_ERROR;
				GCC_WARN_UNDECLARED_SELECTOR = YES;
				GCC_WARN_UNINITIALIZED_AUTOS = YES_AGGRESSIVE;
				GCC_WARN_UNUSED_FUNCTION = YES;
				GCC_WARN_UNUSED_VARIABLE = YES;
				IPHONEOS_DEPLOYMENT_TARGET = 8.1;
				MTL_ENABLE_DEBUG_INFO = YES;
				ONLY_ACTIVE_ARCH = YES;
				SDKROOT = iphoneos;
				TARGETED_DEVICE_FAMILY = "1,2";
			};
			name = Debug;
		};
		96D22DA01A1FD58100E0ADE3 /* Release */ = {
			isa = XCBuildConfiguration;
			buildSettings = {
				ALWAYS_SEARCH_USER_PATHS = NO;
				CLANG_CXX_LANGUAGE_STANDARD = "gnu++0x";
				CLANG_CXX_LIBRARY = "libc++";
				CLANG_ENABLE_MODULES = YES;
				CLANG_ENABLE_OBJC_ARC = YES;
				CLANG_WARN_BOOL_CONVERSION = YES;
				CLANG_WARN_CONSTANT_CONVERSION = YES;
				CLANG_WARN_DIRECT_OBJC_ISA_USAGE = YES_ERROR;
				CLANG_WARN_EMPTY_BODY = YES;
				CLANG_WARN_ENUM_CONVERSION = YES;
				CLANG_WARN_INT_CONVERSION = YES;
				CLANG_WARN_OBJC_ROOT_CLASS = YES_ERROR;
				CLANG_WARN_UNREACHABLE_CODE = YES;
				CLANG_WARN__DUPLICATE_METHOD_MATCH = YES;
				"CODE_SIGN_IDENTITY[sdk=iphoneos*]" = "iPhone Developer";
				COPY_PHASE_STRIP = YES;
				ENABLE_NS_ASSERTIONS = NO;
				ENABLE_STRICT_OBJC_MSGSEND = YES;
				GCC_C_LANGUAGE_STANDARD = gnu99;
				GCC_WARN_64_TO_32_BIT_CONVERSION = YES;
				GCC_WARN_ABOUT_RETURN_TYPE = YES_ERROR;
				GCC_WARN_UNDECLARED_SELECTOR = YES;
				GCC_WARN_UNINITIALIZED_AUTOS = YES_AGGRESSIVE;
				GCC_WARN_UNUSED_FUNCTION = YES;
				GCC_WARN_UNUSED_VARIABLE = YES;
				IPHONEOS_DEPLOYMENT_TARGET = 8.1;
				MTL_ENABLE_DEBUG_INFO = NO;
				SDKROOT = iphoneos;
				TARGETED_DEVICE_FAMILY = "1,2";
				VALIDATE_PRODUCT = YES;
			};
			name = Release;
		};
		96D22DA21A1FD58100E0ADE3 /* Debug */ = {
			isa = XCBuildConfiguration;
			buildSettings = {
				ASSETCATALOG_COMPILER_APPICON_NAME = AppIcon;
				CODE_SIGN_IDENTITY = "iPhone Developer";
				GCC_PREFIX_HEADER = "SnookerScoreMaster/SnookerScoreMaster-Prefix.pch";
				GCC_VERSION = "";
				INFOPLIST_FILE = SnookerScoreMaster/Info.plist;
				IPHONEOS_DEPLOYMENT_TARGET = 8.0;
				LD_RUNPATH_SEARCH_PATHS = "$(inherited) @executable_path/Frameworks";
				LIBRARY_SEARCH_PATHS = (
					"$(inherited)",
					"$(PROJECT_DIR)/SnookerScoreMaster",
					"$(PROJECT_DIR)",
				);
				ONLY_ACTIVE_ARCH = NO;
				OTHER_LDFLAGS = "-ObjC";
				PRODUCT_NAME = "$(TARGET_NAME)";
				TARGETED_DEVICE_FAMILY = 1;
			};
			name = Debug;
		};
		96D22DA31A1FD58100E0ADE3 /* Release */ = {
			isa = XCBuildConfiguration;
			buildSettings = {
				ASSETCATALOG_COMPILER_APPICON_NAME = AppIcon;
				CODE_SIGN_IDENTITY = "iPhone Developer";
				GCC_PREFIX_HEADER = "SnookerScoreMaster/SnookerScoreMaster-Prefix.pch";
				GCC_VERSION = "";
				INFOPLIST_FILE = SnookerScoreMaster/Info.plist;
				IPHONEOS_DEPLOYMENT_TARGET = 8.0;
				LD_RUNPATH_SEARCH_PATHS = "$(inherited) @executable_path/Frameworks";
				LIBRARY_SEARCH_PATHS = (
					"$(inherited)",
					"$(PROJECT_DIR)/SnookerScoreMaster",
					"$(PROJECT_DIR)",
				);
				OTHER_LDFLAGS = "-ObjC";
				PRODUCT_NAME = "$(TARGET_NAME)";
				TARGETED_DEVICE_FAMILY = 1;
			};
			name = Release;
		};
		96D22DA51A1FD58100E0ADE3 /* Debug */ = {
			isa = XCBuildConfiguration;
			buildSettings = {
				BUNDLE_LOADER = "$(TEST_HOST)";
				FRAMEWORK_SEARCH_PATHS = (
					"$(SDKROOT)/Developer/Library/Frameworks",
					"$(inherited)",
				);
				GCC_PREPROCESSOR_DEFINITIONS = (
					"DEBUG=1",
					"$(inherited)",
				);
				INFOPLIST_FILE = SnookerScoreMasterTests/Info.plist;
				LD_RUNPATH_SEARCH_PATHS = "$(inherited) @executable_path/Frameworks @loader_path/Frameworks";
				PRODUCT_NAME = "$(TARGET_NAME)";
				TEST_HOST = "$(BUILT_PRODUCTS_DIR)/SnookerScoreMaster.app/SnookerScoreMaster";
			};
			name = Debug;
		};
		96D22DA61A1FD58100E0ADE3 /* Release */ = {
			isa = XCBuildConfiguration;
			buildSettings = {
				BUNDLE_LOADER = "$(TEST_HOST)";
				FRAMEWORK_SEARCH_PATHS = (
					"$(SDKROOT)/Developer/Library/Frameworks",
					"$(inherited)",
				);
				INFOPLIST_FILE = SnookerScoreMasterTests/Info.plist;
				LD_RUNPATH_SEARCH_PATHS = "$(inherited) @executable_path/Frameworks @loader_path/Frameworks";
				PRODUCT_NAME = "$(TARGET_NAME)";
				TEST_HOST = "$(BUILT_PRODUCTS_DIR)/SnookerScoreMaster.app/SnookerScoreMaster";
			};
			name = Release;
		};
/* End XCBuildConfiguration section */

/* Begin XCConfigurationList section */
		96D22D791A1FD58100E0ADE3 /* Build configuration list for PBXProject "SnookerScoreMaster" */ = {
			isa = XCConfigurationList;
			buildConfigurations = (
				96D22D9F1A1FD58100E0ADE3 /* Debug */,
				96D22DA01A1FD58100E0ADE3 /* Release */,
			);
			defaultConfigurationIsVisible = 0;
			defaultConfigurationName = Release;
		};
		96D22DA11A1FD58100E0ADE3 /* Build configuration list for PBXNativeTarget "SnookerScoreMaster" */ = {
			isa = XCConfigurationList;
			buildConfigurations = (
				96D22DA21A1FD58100E0ADE3 /* Debug */,
				96D22DA31A1FD58100E0ADE3 /* Release */,
			);
			defaultConfigurationIsVisible = 0;
			defaultConfigurationName = Release;
		};
		96D22DA41A1FD58100E0ADE3 /* Build configuration list for PBXNativeTarget "SnookerScoreMasterTests" */ = {
			isa = XCConfigurationList;
			buildConfigurations = (
				96D22DA51A1FD58100E0ADE3 /* Debug */,
				96D22DA61A1FD58100E0ADE3 /* Release */,
			);
			defaultConfigurationIsVisible = 0;
			defaultConfigurationName = Release;
		};
/* End XCConfigurationList section */
	};
	rootObject = 96D22D761A1FD58100E0ADE3 /* Project object */;
}
