// !$*UTF8*$!
{
	archiveVersion = 1;
	classes = {
	};
	objectVersion = 46;
	objects = {

/* Begin PBXBuildFile section */
		3A037B6A1C418ED900038BC0 /* playerCellTVC.m in Sources */ = {isa = PBXBuildFile; fileRef = 3A037B691C418ED900038BC0 /* playerCellTVC.m */; };
		3A0582091C455FA500E37873 /* HeadToHeadCellTVC.m in Sources */ = {isa = PBXBuildFile; fileRef = 3A0582081C455FA500E37873 /* HeadToHeadCellTVC.m */; };
		3A05820F1C457AD800E37873 /* HeadToHeadTV.m in Sources */ = {isa = PBXBuildFile; fileRef = 3A05820E1C457AD800E37873 /* HeadToHeadTV.m */; };
		3A065F9E1DD2486B00C35BDC /* frameStatisticCellTVC.m in Sources */ = {isa = PBXBuildFile; fileRef = 3A065F9D1DD2486B00C35BDC /* frameStatisticCellTVC.m */; };
		3A066B2A1C484221006C7033 /* matchCellTVC.m in Sources */ = {isa = PBXBuildFile; fileRef = 3A066B291C484221006C7033 /* matchCellTVC.m */; };
		3A066B301C48473F006C7033 /* match.m in Sources */ = {isa = PBXBuildFile; fileRef = 3A066B2F1C48473F006C7033 /* match.m */; };
		3A13858E1C580C1600ECF0EF /* frame.m in Sources */ = {isa = PBXBuildFile; fileRef = 3A13858D1C580C1600ECF0EF /* frame.m */; };
		3A1385911C580C6600ECF0EF /* snookerbreak.m in Sources */ = {isa = PBXBuildFile; fileRef = 3A1385901C580C6600ECF0EF /* snookerbreak.m */; };
		3A1EC1911D3E9AAE00B2348E /* hibreak.m in Sources */ = {isa = PBXBuildFile; fileRef = 3A1EC1901D3E9AAE00B2348E /* hibreak.m */; };
		3A2683D01D3958A8003307BE /* selected.png in Resources */ = {isa = PBXBuildFile; fileRef = 3A2683CF1D3958A8003307BE /* selected.png */; };
		3A2DB0451D27B919002AC19A /* PlayerStatisticsVC.m in Sources */ = {isa = PBXBuildFile; fileRef = 3A2DB0441D27B919002AC19A /* PlayerStatisticsVC.m */; };
		3A2DB0481D27BA46002AC19A /* singlePlayerStatsV.m in Sources */ = {isa = PBXBuildFile; fileRef = 3A2DB0471D27BA46002AC19A /* singlePlayerStatsV.m */; };
		3A2DB04B1D27BAA0002AC19A /* PlayerStatisticsV.m in Sources */ = {isa = PBXBuildFile; fileRef = 3A2DB04A1D27BAA0002AC19A /* PlayerStatisticsV.m */; };
		3A35C1FC1BD5FA0200B89BD2 /* ball.m in Sources */ = {isa = PBXBuildFile; fileRef = 3A35C1F51BD5FA0200B89BD2 /* ball.m */; };
		3A35C1FD1BD5FA0200B89BD2 /* ballShot.m in Sources */ = {isa = PBXBuildFile; fileRef = 3A35C1F71BD5FA0200B89BD2 /* ballShot.m */; };
		3A35C1FE1BD5FA0200B89BD2 /* breakBallCell.m in Sources */ = {isa = PBXBuildFile; fileRef = 3A35C1F91BD5FA0200B89BD2 /* breakBallCell.m */; };
		3A35C1FF1BD5FA0200B89BD2 /* player.m in Sources */ = {isa = PBXBuildFile; fileRef = 3A35C1FB1BD5FA0200B89BD2 /* player.m */; };
		3A35C2021BD5FA2B00B89BD2 /* dbHelper.m in Sources */ = {isa = PBXBuildFile; fileRef = 3A35C2011BD5FA2B00B89BD2 /* dbHelper.m */; };
		3A35C2091BD5FA8600B89BD2 /* scoreboardVC.m in Sources */ = {isa = PBXBuildFile; fileRef = 3A35C2071BD5FA8600B89BD2 /* scoreboardVC.m */; };
		3A35C20F1BD5FAB500B89BD2 /* DraggableView.m in Sources */ = {isa = PBXBuildFile; fileRef = 3A35C20C1BD5FAB500B89BD2 /* DraggableView.m */; };
		3A35C2161BD5FB0600B89BD2 /* breakEntry.m in Sources */ = {isa = PBXBuildFile; fileRef = 3A35C2131BD5FB0600B89BD2 /* breakEntry.m */; };
		3A35C2171BD5FB0600B89BD2 /* indicator.m in Sources */ = {isa = PBXBuildFile; fileRef = 3A35C2151BD5FB0600B89BD2 /* indicator.m */; };
		3A35C21A1BD5FB8800B89BD2 /* frameScore.m in Sources */ = {isa = PBXBuildFile; fileRef = 3A35C2191BD5FB8800B89BD2 /* frameScore.m */; };
		3A35C23F1BD6067800B89BD2 /* Settings.bundle in Resources */ = {isa = PBXBuildFile; fileRef = 3A35C23E1BD6067800B89BD2 /* Settings.bundle */; };
		3A5997EA1D328A74005A11DF /* cup_bronze.png in Resources */ = {isa = PBXBuildFile; fileRef = 3A5997E71D328A74005A11DF /* cup_bronze.png */; };
		3A5997EB1D328A74005A11DF /* cup_gold.png in Resources */ = {isa = PBXBuildFile; fileRef = 3A5997E81D328A74005A11DF /* cup_gold.png */; };
		3A5997EC1D328A74005A11DF /* cup_silver.png in Resources */ = {isa = PBXBuildFile; fileRef = 3A5997E91D328A74005A11DF /* cup_silver.png */; };
		3A607CD61EAE789E00EFFDA4 /* graphData.m in Sources */ = {isa = PBXBuildFile; fileRef = 3A607CD51EAE789E00EFFDA4 /* graphData.m */; };
		3A61017D1D3B5B58001F6BF6 /* matchesVC.m in Sources */ = {isa = PBXBuildFile; fileRef = 3A61017C1D3B5B58001F6BF6 /* matchesVC.m */; };
		3A6101801D3BE350001F6BF6 /* NSDate+TimeAgo.m in Sources */ = {isa = PBXBuildFile; fileRef = 3A61017F1D3BE350001F6BF6 /* NSDate+TimeAgo.m */; };
		3A6101861D3C1D33001F6BF6 /* SpriteKit.framework in Frameworks */ = {isa = PBXBuildFile; fileRef = 3A6101841D3C1B19001F6BF6 /* SpriteKit.framework */; };
		3A61018C1D3C1EBE001F6BF6 /* celebrationSceneSKV.m in Sources */ = {isa = PBXBuildFile; fileRef = 3A61018B1D3C1EBE001F6BF6 /* celebrationSceneSKV.m */; };
		3A6101971D3C309B001F6BF6 /* MyParticle.sks in Resources */ = {isa = PBXBuildFile; fileRef = 3A6101951D3C309B001F6BF6 /* MyParticle.sks */; };
		3A6101981D3C309B001F6BF6 /* spark.png in Resources */ = {isa = PBXBuildFile; fileRef = 3A6101961D3C309B001F6BF6 /* spark.png */; };
		3A61019A1D3D3A81001F6BF6 /* MyParticle2.sks in Resources */ = {isa = PBXBuildFile; fileRef = 3A6101991D3D3A81001F6BF6 /* MyParticle2.sks */; };
		3A61019D1D3D6294001F6BF6 /* MyParticle3.sks in Resources */ = {isa = PBXBuildFile; fileRef = 3A61019B1D3D6294001F6BF6 /* MyParticle3.sks */; };
		3A61019E1D3D6294001F6BF6 /* bokeh.png in Resources */ = {isa = PBXBuildFile; fileRef = 3A61019C1D3D6294001F6BF6 /* bokeh.png */; };
		3A6172E61BC96478004B9198 /* libsqlite3.tbd in Frameworks */ = {isa = PBXBuildFile; fileRef = 3A6172E51BC96478004B9198 /* libsqlite3.tbd */; };
		3A6172E81BC965AD004B9198 /* main.m in Sources */ = {isa = PBXBuildFile; fileRef = 3A6172E71BC965AD004B9198 /* main.m */; };
		3A61EEC11C3EDB0700BEF957 /* playerDetailVC.m in Sources */ = {isa = PBXBuildFile; fileRef = 3A61EEC01C3EDB0700BEF957 /* playerDetailVC.m */; };
		3A6311051C5C196E007EC892 /* AvatarV.m in Sources */ = {isa = PBXBuildFile; fileRef = 3A6311041C5C196E007EC892 /* AvatarV.m */; };
		3A7379441DF372D400E5D556 /* IntroPVC.m in Sources */ = {isa = PBXBuildFile; fileRef = 3A7379431DF372D400E5D556 /* IntroPVC.m */; };
		3A7379471DF3F8BB00E5D556 /* helpPageVC.m in Sources */ = {isa = PBXBuildFile; fileRef = 3A7379461DF3F8BB00E5D556 /* helpPageVC.m */; };
		3A7ADE0F1C4A23D30014B847 /* matchStatisticsVC.m in Sources */ = {isa = PBXBuildFile; fileRef = 3A7ADE0E1C4A23D30014B847 /* matchStatisticsVC.m */; };
		3A7ADE121C4A316C0014B847 /* graphV.m in Sources */ = {isa = PBXBuildFile; fileRef = 3A7ADE111C4A316C0014B847 /* graphV.m */; };
		3A82B6B51C6930AD00C94C85 /* common.m in Sources */ = {isa = PBXBuildFile; fileRef = 3A82B6B41C6930AD00C94C85 /* common.m */; };
		3A965EAE1FAF858800936FD1 /* refspeech.png in Resources */ = {isa = PBXBuildFile; fileRef = 3A965EAD1FAF858700936FD1 /* refspeech.png */; };
		3A9EB7821D3299300055A1CE /* HelpVC.m in Sources */ = {isa = PBXBuildFile; fileRef = 3A9EB7811D3299300055A1CE /* HelpVC.m */; };
		3AAFA8D51E2A7DBC00458493 /* playerListingVC.m in Sources */ = {isa = PBXBuildFile; fileRef = 3AAFA8D41E2A7DBC00458493 /* playerListingVC.m */; };
		3AAFA8D81E2A7E2B00458493 /* playerListingTV.m in Sources */ = {isa = PBXBuildFile; fileRef = 3AAFA8D71E2A7E2B00458493 /* playerListingTV.m */; };
		3AAFA8DA1E2AC15500458493 /* official-rules-of-the-game.pdf in Resources */ = {isa = PBXBuildFile; fileRef = 3AAFA8D91E2AC15500458493 /* official-rules-of-the-game.pdf */; };
		3AAFA8E11E2B852200458493 /* PersistentBackgroundLabel.m in Sources */ = {isa = PBXBuildFile; fileRef = 3AAFA8E01E2B852200458493 /* PersistentBackgroundLabel.m */; };
		3AAFA8E81E2E89FD00458493 /* headToHeadListingVC.m in Sources */ = {isa = PBXBuildFile; fileRef = 3AAFA8E71E2E89FD00458493 /* headToHeadListingVC.m */; };
		3AAFA8EB1E2E8A6700458493 /* headToHeadListingTV.m in Sources */ = {isa = PBXBuildFile; fileRef = 3AAFA8EA1E2E8A6700458493 /* headToHeadListingTV.m */; };
		3AAFF5791D3824A20048ACC7 /* ballCountV.m in Sources */ = {isa = PBXBuildFile; fileRef = 3AAFF5781D3824A20048ACC7 /* ballCountV.m */; };
		3AAFF57B1D3824D70048ACC7 /* ballCountV.xib in Resources */ = {isa = PBXBuildFile; fileRef = 3AAFF57A1D3824D70048ACC7 /* ballCountV.xib */; };
		3AAFF57E1D3828BF0048ACC7 /* ballSumIV.m in Sources */ = {isa = PBXBuildFile; fileRef = 3AAFF57D1D3828BF0048ACC7 /* ballSumIV.m */; };
		3AB429061BC95E83002FE58E /* Main.storyboard in Resources */ = {isa = PBXBuildFile; fileRef = 3AB429041BC95E83002FE58E /* Main.storyboard */; };
		3AB429071BC95E83002FE58E /* LaunchScreen.xib in Resources */ = {isa = PBXBuildFile; fileRef = 3AB429051BC95E83002FE58E /* LaunchScreen.xib */; };
		3AB4CF091CDF8D8700C07BD0 /* whiteblue.png in Resources */ = {isa = PBXBuildFile; fileRef = 3AB4CF081CDF8D8700C07BD0 /* whiteblue.png */; };
		3AC0427F1FCCBE3000FA01F4 /* Icon-App-76x76@2x.png in Resources */ = {isa = PBXBuildFile; fileRef = 3AC0427E1FCCBE2D00FA01F4 /* Icon-App-76x76@2x.png */; };
		3AC042821FCCC6A000FA01F4 /* clock.png in Resources */ = {isa = PBXBuildFile; fileRef = 3AC042801FCCC69F00FA01F4 /* clock.png */; };
		3AC042831FCCC6A000FA01F4 /* stopwatch.png in Resources */ = {isa = PBXBuildFile; fileRef = 3AC042811FCCC6A000FA01F4 /* stopwatch.png */; };
		3AC4CF161FC8CAEE00BD5587 /* ssm_title_blur.png in Resources */ = {isa = PBXBuildFile; fileRef = 3AC4CF151FC8CAED00BD5587 /* ssm_title_blur.png */; };
		3AC847F41BF257870028C0A2 /* snookerTableStatsView.m in Sources */ = {isa = PBXBuildFile; fileRef = 3AC847F31BF257870028C0A2 /* snookerTableStatsView.m */; };
		3AD0BAA21E37CD9800BC6C3B /* GoogleService-Info.plist in Resources */ = {isa = PBXBuildFile; fileRef = 3AD0BAA11E37CD9800BC6C3B /* GoogleService-Info.plist */; };
		3AD0BAA41E37CF0200BC6C3B /* AdSupport.framework in Frameworks */ = {isa = PBXBuildFile; fileRef = 3AD0BAA31E37CF0200BC6C3B /* AdSupport.framework */; };
		3AD8F3DB1E4F56DD00DAB6E1 /* applause7.mp3 in Resources */ = {isa = PBXBuildFile; fileRef = 3AD8F3DA1E4F56DD00DAB6E1 /* applause7.mp3 */; };
		3ADBD2001C497758001876F2 /* embededMatchStatisticsVC.m in Sources */ = {isa = PBXBuildFile; fileRef = 3ADBD1FF1C497758001876F2 /* embededMatchStatisticsVC.m */; };
		3AEF7ED01D3B4BFC001609A7 /* matchesTV.m in Sources */ = {isa = PBXBuildFile; fileRef = 3AEF7ECF1D3B4BFC001609A7 /* matchesTV.m */; };
		3AF777CA1E3BC83600D3765F /* AVFoundation.framework in Frameworks */ = {isa = PBXBuildFile; fileRef = 3AF777C91E3BC83600D3765F /* AVFoundation.framework */; };
		7CF073F704F111CD84DC73A6 /* libPods-SnookerScoreMaster.a in Frameworks */ = {isa = PBXBuildFile; fileRef = 82954035CE9FA60CF351889B /* libPods-SnookerScoreMaster.a */; };
		96D22D871A1FD58100E0ADE3 /* AppDelegate.m in Sources */ = {isa = PBXBuildFile; fileRef = 96D22D861A1FD58100E0ADE3 /* AppDelegate.m */; };
		96D22D8F1A1FD58100E0ADE3 /* Images.xcassets in Resources */ = {isa = PBXBuildFile; fileRef = 96D22D8E1A1FD58100E0ADE3 /* Images.xcassets */; };
		96D22D9E1A1FD58100E0ADE3 /* SnookerScoreMasterTests.m in Sources */ = {isa = PBXBuildFile; fileRef = 96D22D9D1A1FD58100E0ADE3 /* SnookerScoreMasterTests.m */; };
/* End PBXBuildFile section */

/* Begin PBXContainerItemProxy section */
		96D22D981A1FD58100E0ADE3 /* PBXContainerItemProxy */ = {
			isa = PBXContainerItemProxy;
			containerPortal = 96D22D761A1FD58100E0ADE3 /* Project object */;
			proxyType = 1;
			remoteGlobalIDString = 96D22D7D1A1FD58100E0ADE3;
			remoteInfo = SnookerScoreMaster;
		};
/* End PBXContainerItemProxy section */

/* Begin PBXCopyFilesBuildPhase section */
		3AF50FD61E01CA0C00EA4D4E /* Embed Frameworks */ = {
			isa = PBXCopyFilesBuildPhase;
			buildActionMask = 2147483647;
			dstPath = "";
			dstSubfolderSpec = 10;
			files = (
			);
			name = "Embed Frameworks";
			runOnlyForDeploymentPostprocessing = 0;
		};
/* End PBXCopyFilesBuildPhase section */

/* Begin PBXFileReference section */
		3A037B681C418ED900038BC0 /* playerCellTVC.h */ = {isa = PBXFileReference; fileEncoding = 4; lastKnownFileType = sourcecode.c.h; path = playerCellTVC.h; sourceTree = "<group>"; };
		3A037B691C418ED900038BC0 /* playerCellTVC.m */ = {isa = PBXFileReference; fileEncoding = 4; lastKnownFileType = sourcecode.c.objc; path = playerCellTVC.m; sourceTree = "<group>"; };
		3A0582071C455FA500E37873 /* HeadToHeadCellTVC.h */ = {isa = PBXFileReference; fileEncoding = 4; lastKnownFileType = sourcecode.c.h; path = HeadToHeadCellTVC.h; sourceTree = "<group>"; };
		3A0582081C455FA500E37873 /* HeadToHeadCellTVC.m */ = {isa = PBXFileReference; fileEncoding = 4; lastKnownFileType = sourcecode.c.objc; path = HeadToHeadCellTVC.m; sourceTree = "<group>"; };
		3A05820D1C457AD800E37873 /* HeadToHeadTV.h */ = {isa = PBXFileReference; fileEncoding = 4; lastKnownFileType = sourcecode.c.h; path = HeadToHeadTV.h; sourceTree = "<group>"; };
		3A05820E1C457AD800E37873 /* HeadToHeadTV.m */ = {isa = PBXFileReference; fileEncoding = 4; lastKnownFileType = sourcecode.c.objc; path = HeadToHeadTV.m; sourceTree = "<group>"; };
		3A065F9C1DD2486B00C35BDC /* frameStatisticCellTVC.h */ = {isa = PBXFileReference; fileEncoding = 4; lastKnownFileType = sourcecode.c.h; path = frameStatisticCellTVC.h; sourceTree = "<group>"; };
		3A065F9D1DD2486B00C35BDC /* frameStatisticCellTVC.m */ = {isa = PBXFileReference; fileEncoding = 4; lastKnownFileType = sourcecode.c.objc; path = frameStatisticCellTVC.m; sourceTree = "<group>"; };
		3A066B281C484221006C7033 /* matchCellTVC.h */ = {isa = PBXFileReference; fileEncoding = 4; lastKnownFileType = sourcecode.c.h; path = matchCellTVC.h; sourceTree = "<group>"; };
		3A066B291C484221006C7033 /* matchCellTVC.m */ = {isa = PBXFileReference; fileEncoding = 4; lastKnownFileType = sourcecode.c.objc; path = matchCellTVC.m; sourceTree = "<group>"; };
		3A066B2E1C48473F006C7033 /* match.h */ = {isa = PBXFileReference; fileEncoding = 4; lastKnownFileType = sourcecode.c.h; path = match.h; sourceTree = "<group>"; };
		3A066B2F1C48473F006C7033 /* match.m */ = {isa = PBXFileReference; fileEncoding = 4; lastKnownFileType = sourcecode.c.objc; path = match.m; sourceTree = "<group>"; };
		3A13858C1C580C1600ECF0EF /* frame.h */ = {isa = PBXFileReference; fileEncoding = 4; lastKnownFileType = sourcecode.c.h; path = frame.h; sourceTree = "<group>"; };
		3A13858D1C580C1600ECF0EF /* frame.m */ = {isa = PBXFileReference; fileEncoding = 4; lastKnownFileType = sourcecode.c.objc; path = frame.m; sourceTree = "<group>"; };
		3A13858F1C580C6600ECF0EF /* snookerbreak.h */ = {isa = PBXFileReference; fileEncoding = 4; lastKnownFileType = sourcecode.c.h; path = snookerbreak.h; sourceTree = "<group>"; };
		3A1385901C580C6600ECF0EF /* snookerbreak.m */ = {isa = PBXFileReference; fileEncoding = 4; lastKnownFileType = sourcecode.c.objc; path = snookerbreak.m; sourceTree = "<group>"; };
		3A1EC18F1D3E9AAE00B2348E /* hibreak.h */ = {isa = PBXFileReference; fileEncoding = 4; lastKnownFileType = sourcecode.c.h; path = hibreak.h; sourceTree = "<group>"; };
		3A1EC1901D3E9AAE00B2348E /* hibreak.m */ = {isa = PBXFileReference; fileEncoding = 4; lastKnownFileType = sourcecode.c.objc; path = hibreak.m; sourceTree = "<group>"; };
		3A2683CF1D3958A8003307BE /* selected.png */ = {isa = PBXFileReference; lastKnownFileType = image.png; path = selected.png; sourceTree = "<group>"; };
		3A2DB0431D27B919002AC19A /* PlayerStatisticsVC.h */ = {isa = PBXFileReference; fileEncoding = 4; lastKnownFileType = sourcecode.c.h; path = PlayerStatisticsVC.h; sourceTree = "<group>"; };
		3A2DB0441D27B919002AC19A /* PlayerStatisticsVC.m */ = {isa = PBXFileReference; fileEncoding = 4; lastKnownFileType = sourcecode.c.objc; path = PlayerStatisticsVC.m; sourceTree = "<group>"; };
		3A2DB0461D27BA46002AC19A /* singlePlayerStatsV.h */ = {isa = PBXFileReference; fileEncoding = 4; lastKnownFileType = sourcecode.c.h; path = singlePlayerStatsV.h; sourceTree = "<group>"; };
		3A2DB0471D27BA46002AC19A /* singlePlayerStatsV.m */ = {isa = PBXFileReference; fileEncoding = 4; lastKnownFileType = sourcecode.c.objc; path = singlePlayerStatsV.m; sourceTree = "<group>"; };
		3A2DB0491D27BAA0002AC19A /* PlayerStatisticsV.h */ = {isa = PBXFileReference; fileEncoding = 4; lastKnownFileType = sourcecode.c.h; path = PlayerStatisticsV.h; sourceTree = "<group>"; };
		3A2DB04A1D27BAA0002AC19A /* PlayerStatisticsV.m */ = {isa = PBXFileReference; fileEncoding = 4; lastKnownFileType = sourcecode.c.objc; path = PlayerStatisticsV.m; sourceTree = "<group>"; };
		3A35C1F41BD5FA0200B89BD2 /* ball.h */ = {isa = PBXFileReference; fileEncoding = 4; lastKnownFileType = sourcecode.c.h; path = ball.h; sourceTree = "<group>"; };
		3A35C1F51BD5FA0200B89BD2 /* ball.m */ = {isa = PBXFileReference; fileEncoding = 4; lastKnownFileType = sourcecode.c.objc; path = ball.m; sourceTree = "<group>"; };
		3A35C1F61BD5FA0200B89BD2 /* ballShot.h */ = {isa = PBXFileReference; fileEncoding = 4; lastKnownFileType = sourcecode.c.h; path = ballShot.h; sourceTree = "<group>"; };
		3A35C1F71BD5FA0200B89BD2 /* ballShot.m */ = {isa = PBXFileReference; fileEncoding = 4; lastKnownFileType = sourcecode.c.objc; path = ballShot.m; sourceTree = "<group>"; };
		3A35C1F81BD5FA0200B89BD2 /* breakBallCell.h */ = {isa = PBXFileReference; fileEncoding = 4; lastKnownFileType = sourcecode.c.h; path = breakBallCell.h; sourceTree = "<group>"; };
		3A35C1F91BD5FA0200B89BD2 /* breakBallCell.m */ = {isa = PBXFileReference; fileEncoding = 4; lastKnownFileType = sourcecode.c.objc; path = breakBallCell.m; sourceTree = "<group>"; };
		3A35C1FA1BD5FA0200B89BD2 /* player.h */ = {isa = PBXFileReference; fileEncoding = 4; lastKnownFileType = sourcecode.c.h; path = player.h; sourceTree = "<group>"; };
		3A35C1FB1BD5FA0200B89BD2 /* player.m */ = {isa = PBXFileReference; fileEncoding = 4; lastKnownFileType = sourcecode.c.objc; path = player.m; sourceTree = "<group>"; };
		3A35C2001BD5FA2B00B89BD2 /* dbHelper.h */ = {isa = PBXFileReference; fileEncoding = 4; lastKnownFileType = sourcecode.c.h; path = dbHelper.h; sourceTree = "<group>"; };
		3A35C2011BD5FA2B00B89BD2 /* dbHelper.m */ = {isa = PBXFileReference; fileEncoding = 4; lastKnownFileType = sourcecode.c.objc; path = dbHelper.m; sourceTree = "<group>"; };
		3A35C2061BD5FA8600B89BD2 /* scoreboardVC.h */ = {isa = PBXFileReference; fileEncoding = 4; lastKnownFileType = sourcecode.c.h; path = scoreboardVC.h; sourceTree = "<group>"; };
		3A35C2071BD5FA8600B89BD2 /* scoreboardVC.m */ = {isa = PBXFileReference; fileEncoding = 4; lastKnownFileType = sourcecode.c.objc; path = scoreboardVC.m; sourceTree = "<group>"; };
		3A35C20B1BD5FAB500B89BD2 /* DraggableView.h */ = {isa = PBXFileReference; fileEncoding = 4; lastKnownFileType = sourcecode.c.h; path = DraggableView.h; sourceTree = "<group>"; };
		3A35C20C1BD5FAB500B89BD2 /* DraggableView.m */ = {isa = PBXFileReference; fileEncoding = 4; lastKnownFileType = sourcecode.c.objc; path = DraggableView.m; sourceTree = "<group>"; };
		3A35C2121BD5FB0600B89BD2 /* breakEntry.h */ = {isa = PBXFileReference; fileEncoding = 4; lastKnownFileType = sourcecode.c.h; path = breakEntry.h; sourceTree = "<group>"; };
		3A35C2131BD5FB0600B89BD2 /* breakEntry.m */ = {isa = PBXFileReference; fileEncoding = 4; lastKnownFileType = sourcecode.c.objc; path = breakEntry.m; sourceTree = "<group>"; };
		3A35C2141BD5FB0600B89BD2 /* indicator.h */ = {isa = PBXFileReference; fileEncoding = 4; lastKnownFileType = sourcecode.c.h; path = indicator.h; sourceTree = "<group>"; };
		3A35C2151BD5FB0600B89BD2 /* indicator.m */ = {isa = PBXFileReference; fileEncoding = 4; lastKnownFileType = sourcecode.c.objc; path = indicator.m; sourceTree = "<group>"; };
		3A35C2181BD5FB8800B89BD2 /* frameScore.h */ = {isa = PBXFileReference; fileEncoding = 4; lastKnownFileType = sourcecode.c.h; path = frameScore.h; sourceTree = "<group>"; };
		3A35C2191BD5FB8800B89BD2 /* frameScore.m */ = {isa = PBXFileReference; fileEncoding = 4; lastKnownFileType = sourcecode.c.objc; path = frameScore.m; sourceTree = "<group>"; };
		3A35C23E1BD6067800B89BD2 /* Settings.bundle */ = {isa = PBXFileReference; lastKnownFileType = "wrapper.plug-in"; path = Settings.bundle; sourceTree = "<group>"; };
		3A5997E71D328A74005A11DF /* cup_bronze.png */ = {isa = PBXFileReference; lastKnownFileType = image.png; path = cup_bronze.png; sourceTree = "<group>"; };
		3A5997E81D328A74005A11DF /* cup_gold.png */ = {isa = PBXFileReference; lastKnownFileType = image.png; path = cup_gold.png; sourceTree = "<group>"; };
		3A5997E91D328A74005A11DF /* cup_silver.png */ = {isa = PBXFileReference; lastKnownFileType = image.png; path = cup_silver.png; sourceTree = "<group>"; };
		3A607CD41EAE789E00EFFDA4 /* graphData.h */ = {isa = PBXFileReference; fileEncoding = 4; lastKnownFileType = sourcecode.c.h; path = graphData.h; sourceTree = "<group>"; };
		3A607CD51EAE789E00EFFDA4 /* graphData.m */ = {isa = PBXFileReference; fileEncoding = 4; lastKnownFileType = sourcecode.c.objc; path = graphData.m; sourceTree = "<group>"; };
		3A61017B1D3B5B58001F6BF6 /* matchesVC.h */ = {isa = PBXFileReference; fileEncoding = 4; lastKnownFileType = sourcecode.c.h; path = matchesVC.h; sourceTree = "<group>"; };
		3A61017C1D3B5B58001F6BF6 /* matchesVC.m */ = {isa = PBXFileReference; fileEncoding = 4; lastKnownFileType = sourcecode.c.objc; path = matchesVC.m; sourceTree = "<group>"; };
		3A61017E1D3BE350001F6BF6 /* NSDate+TimeAgo.h */ = {isa = PBXFileReference; fileEncoding = 4; lastKnownFileType = sourcecode.c.h; path = "NSDate+TimeAgo.h"; sourceTree = "<group>"; };
		3A61017F1D3BE350001F6BF6 /* NSDate+TimeAgo.m */ = {isa = PBXFileReference; fileEncoding = 4; lastKnownFileType = sourcecode.c.objc; path = "NSDate+TimeAgo.m"; sourceTree = "<group>"; };
		3A6101841D3C1B19001F6BF6 /* SpriteKit.framework */ = {isa = PBXFileReference; lastKnownFileType = wrapper.framework; name = SpriteKit.framework; path = System/Library/Frameworks/SpriteKit.framework; sourceTree = SDKROOT; };
		3A61018A1D3C1EBE001F6BF6 /* celebrationSceneSKV.h */ = {isa = PBXFileReference; fileEncoding = 4; lastKnownFileType = sourcecode.c.h; path = celebrationSceneSKV.h; sourceTree = "<group>"; };
		3A61018B1D3C1EBE001F6BF6 /* celebrationSceneSKV.m */ = {isa = PBXFileReference; fileEncoding = 4; lastKnownFileType = sourcecode.c.objc; path = celebrationSceneSKV.m; sourceTree = "<group>"; };
		3A6101951D3C309B001F6BF6 /* MyParticle.sks */ = {isa = PBXFileReference; lastKnownFileType = file.sks; path = MyParticle.sks; sourceTree = "<group>"; };
		3A6101961D3C309B001F6BF6 /* spark.png */ = {isa = PBXFileReference; lastKnownFileType = image.png; path = spark.png; sourceTree = "<group>"; };
		3A6101991D3D3A81001F6BF6 /* MyParticle2.sks */ = {isa = PBXFileReference; lastKnownFileType = file.sks; path = MyParticle2.sks; sourceTree = "<group>"; };
		3A61019B1D3D6294001F6BF6 /* MyParticle3.sks */ = {isa = PBXFileReference; lastKnownFileType = file.sks; path = MyParticle3.sks; sourceTree = "<group>"; };
		3A61019C1D3D6294001F6BF6 /* bokeh.png */ = {isa = PBXFileReference; lastKnownFileType = image.png; path = bokeh.png; sourceTree = "<group>"; };
		3A6172E51BC96478004B9198 /* libsqlite3.tbd */ = {isa = PBXFileReference; lastKnownFileType = "sourcecode.text-based-dylib-definition"; name = libsqlite3.tbd; path = usr/lib/libsqlite3.tbd; sourceTree = SDKROOT; };
		3A6172E71BC965AD004B9198 /* main.m */ = {isa = PBXFileReference; fileEncoding = 4; lastKnownFileType = sourcecode.c.objc; path = main.m; sourceTree = "<group>"; xcLanguageSpecificationIdentifier = xcode.lang.simpleColoring; };
		3A61EEBF1C3EDB0700BEF957 /* playerDetailVC.h */ = {isa = PBXFileReference; fileEncoding = 4; lastKnownFileType = sourcecode.c.h; path = playerDetailVC.h; sourceTree = "<group>"; };
		3A61EEC01C3EDB0700BEF957 /* playerDetailVC.m */ = {isa = PBXFileReference; fileEncoding = 4; lastKnownFileType = sourcecode.c.objc; path = playerDetailVC.m; sourceTree = "<group>"; };
		3A6311031C5C196E007EC892 /* AvatarV.h */ = {isa = PBXFileReference; fileEncoding = 4; lastKnownFileType = sourcecode.c.h; path = AvatarV.h; sourceTree = "<group>"; };
		3A6311041C5C196E007EC892 /* AvatarV.m */ = {isa = PBXFileReference; fileEncoding = 4; lastKnownFileType = sourcecode.c.objc; path = AvatarV.m; sourceTree = "<group>"; };
		3A7379421DF372D400E5D556 /* IntroPVC.h */ = {isa = PBXFileReference; fileEncoding = 4; lastKnownFileType = sourcecode.c.h; path = IntroPVC.h; sourceTree = "<group>"; };
		3A7379431DF372D400E5D556 /* IntroPVC.m */ = {isa = PBXFileReference; fileEncoding = 4; lastKnownFileType = sourcecode.c.objc; path = IntroPVC.m; sourceTree = "<group>"; };
		3A7379451DF3F8BB00E5D556 /* helpPageVC.h */ = {isa = PBXFileReference; fileEncoding = 4; lastKnownFileType = sourcecode.c.h; path = helpPageVC.h; sourceTree = "<group>"; };
		3A7379461DF3F8BB00E5D556 /* helpPageVC.m */ = {isa = PBXFileReference; fileEncoding = 4; lastKnownFileType = sourcecode.c.objc; path = helpPageVC.m; sourceTree = "<group>"; };
		3A7ADE0D1C4A23D30014B847 /* matchStatisticsVC.h */ = {isa = PBXFileReference; fileEncoding = 4; lastKnownFileType = sourcecode.c.h; path = matchStatisticsVC.h; sourceTree = "<group>"; };
		3A7ADE0E1C4A23D30014B847 /* matchStatisticsVC.m */ = {isa = PBXFileReference; fileEncoding = 4; lastKnownFileType = sourcecode.c.objc; path = matchStatisticsVC.m; sourceTree = "<group>"; };
		3A7ADE101C4A316C0014B847 /* graphV.h */ = {isa = PBXFileReference; fileEncoding = 4; lastKnownFileType = sourcecode.c.h; path = graphV.h; sourceTree = "<group>"; };
		3A7ADE111C4A316C0014B847 /* graphV.m */ = {isa = PBXFileReference; fileEncoding = 4; lastKnownFileType = sourcecode.c.objc; path = graphV.m; sourceTree = "<group>"; };
		3A82B6B31C6930AD00C94C85 /* common.h */ = {isa = PBXFileReference; fileEncoding = 4; lastKnownFileType = sourcecode.c.h; path = common.h; sourceTree = "<group>"; };
		3A82B6B41C6930AD00C94C85 /* common.m */ = {isa = PBXFileReference; fileEncoding = 4; lastKnownFileType = sourcecode.c.objc; path = common.m; sourceTree = "<group>"; };
		3A965EAD1FAF858700936FD1 /* refspeech.png */ = {isa = PBXFileReference; lastKnownFileType = image.png; path = refspeech.png; sourceTree = "<group>"; };
		3A9EB7801D3299300055A1CE /* HelpVC.h */ = {isa = PBXFileReference; fileEncoding = 4; lastKnownFileType = sourcecode.c.h; path = HelpVC.h; sourceTree = "<group>"; };
		3A9EB7811D3299300055A1CE /* HelpVC.m */ = {isa = PBXFileReference; fileEncoding = 4; lastKnownFileType = sourcecode.c.objc; path = HelpVC.m; sourceTree = "<group>"; };
		3AAFA8D31E2A7DBC00458493 /* playerListingVC.h */ = {isa = PBXFileReference; fileEncoding = 4; lastKnownFileType = sourcecode.c.h; path = playerListingVC.h; sourceTree = "<group>"; };
		3AAFA8D41E2A7DBC00458493 /* playerListingVC.m */ = {isa = PBXFileReference; fileEncoding = 4; lastKnownFileType = sourcecode.c.objc; path = playerListingVC.m; sourceTree = "<group>"; };
		3AAFA8D61E2A7E2B00458493 /* playerListingTV.h */ = {isa = PBXFileReference; fileEncoding = 4; lastKnownFileType = sourcecode.c.h; path = playerListingTV.h; sourceTree = "<group>"; };
		3AAFA8D71E2A7E2B00458493 /* playerListingTV.m */ = {isa = PBXFileReference; fileEncoding = 4; lastKnownFileType = sourcecode.c.objc; path = playerListingTV.m; sourceTree = "<group>"; };
		3AAFA8D91E2AC15500458493 /* official-rules-of-the-game.pdf */ = {isa = PBXFileReference; lastKnownFileType = image.pdf; name = "official-rules-of-the-game.pdf"; path = "SnookerScoreMaster/official-rules-of-the-game.pdf"; sourceTree = SOURCE_ROOT; };
		3AAFA8DF1E2B852200458493 /* PersistentBackgroundLabel.h */ = {isa = PBXFileReference; fileEncoding = 4; lastKnownFileType = sourcecode.c.h; path = PersistentBackgroundLabel.h; sourceTree = "<group>"; };
		3AAFA8E01E2B852200458493 /* PersistentBackgroundLabel.m */ = {isa = PBXFileReference; fileEncoding = 4; lastKnownFileType = sourcecode.c.objc; path = PersistentBackgroundLabel.m; sourceTree = "<group>"; };
		3AAFA8E61E2E89FD00458493 /* headToHeadListingVC.h */ = {isa = PBXFileReference; fileEncoding = 4; lastKnownFileType = sourcecode.c.h; path = headToHeadListingVC.h; sourceTree = "<group>"; };
		3AAFA8E71E2E89FD00458493 /* headToHeadListingVC.m */ = {isa = PBXFileReference; fileEncoding = 4; lastKnownFileType = sourcecode.c.objc; path = headToHeadListingVC.m; sourceTree = "<group>"; };
		3AAFA8E91E2E8A6700458493 /* headToHeadListingTV.h */ = {isa = PBXFileReference; fileEncoding = 4; lastKnownFileType = sourcecode.c.h; path = headToHeadListingTV.h; sourceTree = "<group>"; };
		3AAFA8EA1E2E8A6700458493 /* headToHeadListingTV.m */ = {isa = PBXFileReference; fileEncoding = 4; lastKnownFileType = sourcecode.c.objc; path = headToHeadListingTV.m; sourceTree = "<group>"; };
		3AAFF5771D3824A20048ACC7 /* ballCountV.h */ = {isa = PBXFileReference; fileEncoding = 4; lastKnownFileType = sourcecode.c.h; path = ballCountV.h; sourceTree = "<group>"; };
		3AAFF5781D3824A20048ACC7 /* ballCountV.m */ = {isa = PBXFileReference; fileEncoding = 4; lastKnownFileType = sourcecode.c.objc; path = ballCountV.m; sourceTree = "<group>"; };
		3AAFF57A1D3824D70048ACC7 /* ballCountV.xib */ = {isa = PBXFileReference; fileEncoding = 4; lastKnownFileType = file.xib; path = ballCountV.xib; sourceTree = "<group>"; };
		3AAFF57C1D3828BF0048ACC7 /* ballSumIV.h */ = {isa = PBXFileReference; fileEncoding = 4; lastKnownFileType = sourcecode.c.h; path = ballSumIV.h; sourceTree = "<group>"; };
		3AAFF57D1D3828BF0048ACC7 /* ballSumIV.m */ = {isa = PBXFileReference; fileEncoding = 4; lastKnownFileType = sourcecode.c.objc; path = ballSumIV.m; sourceTree = "<group>"; };
		3AB429041BC95E83002FE58E /* Main.storyboard */ = {isa = PBXFileReference; fileEncoding = 4; lastKnownFileType = file.storyboard; path = Main.storyboard; sourceTree = "<group>"; };
		3AB429051BC95E83002FE58E /* LaunchScreen.xib */ = {isa = PBXFileReference; fileEncoding = 4; lastKnownFileType = file.xib; path = LaunchScreen.xib; sourceTree = "<group>"; };
		3AB4CF081CDF8D8700C07BD0 /* whiteblue.png */ = {isa = PBXFileReference; lastKnownFileType = image.png; path = whiteblue.png; sourceTree = "<group>"; };
		3AC0427E1FCCBE2D00FA01F4 /* Icon-App-76x76@2x.png */ = {isa = PBXFileReference; lastKnownFileType = image.png; path = "Icon-App-76x76@2x.png"; sourceTree = "<group>"; };
		3AC042801FCCC69F00FA01F4 /* clock.png */ = {isa = PBXFileReference; lastKnownFileType = image.png; path = clock.png; sourceTree = "<group>"; };
		3AC042811FCCC6A000FA01F4 /* stopwatch.png */ = {isa = PBXFileReference; lastKnownFileType = image.png; path = stopwatch.png; sourceTree = "<group>"; };
		3AC4CF151FC8CAED00BD5587 /* ssm_title_blur.png */ = {isa = PBXFileReference; lastKnownFileType = image.png; path = ssm_title_blur.png; sourceTree = "<group>"; };
		3AC847F21BF257870028C0A2 /* snookerTableStatsView.h */ = {isa = PBXFileReference; fileEncoding = 4; lastKnownFileType = sourcecode.c.h; path = snookerTableStatsView.h; sourceTree = "<group>"; };
		3AC847F31BF257870028C0A2 /* snookerTableStatsView.m */ = {isa = PBXFileReference; fileEncoding = 4; lastKnownFileType = sourcecode.c.objc; path = snookerTableStatsView.m; sourceTree = "<group>"; };
		3AD0BAA11E37CD9800BC6C3B /* GoogleService-Info.plist */ = {isa = PBXFileReference; fileEncoding = 4; lastKnownFileType = text.plist.xml; path = "GoogleService-Info.plist"; sourceTree = "<group>"; };
		3AD0BAA31E37CF0200BC6C3B /* AdSupport.framework */ = {isa = PBXFileReference; lastKnownFileType = wrapper.framework; name = AdSupport.framework; path = System/Library/Frameworks/AdSupport.framework; sourceTree = SDKROOT; };
		3AD4AB9A1E37EED300460B0D /* SnookerScoreMaster.entitlements */ = {isa = PBXFileReference; lastKnownFileType = text.plist.entitlements; path = SnookerScoreMaster.entitlements; sourceTree = "<group>"; };
		3AD8F3DA1E4F56DD00DAB6E1 /* applause7.mp3 */ = {isa = PBXFileReference; lastKnownFileType = audio.mp3; path = applause7.mp3; sourceTree = "<group>"; };
		3ADBD1FE1C497758001876F2 /* embededMatchStatisticsVC.h */ = {isa = PBXFileReference; fileEncoding = 4; lastKnownFileType = sourcecode.c.h; name = embededMatchStatisticsVC.h; path = ../embededMatchStatisticsVC.h; sourceTree = "<group>"; };
		3ADBD1FF1C497758001876F2 /* embededMatchStatisticsVC.m */ = {isa = PBXFileReference; fileEncoding = 4; lastKnownFileType = sourcecode.c.objc; name = embededMatchStatisticsVC.m; path = ../embededMatchStatisticsVC.m; sourceTree = "<group>"; };
		3AEF7ECE1D3B4BFC001609A7 /* matchesTV.h */ = {isa = PBXFileReference; fileEncoding = 4; lastKnownFileType = sourcecode.c.h; path = matchesTV.h; sourceTree = "<group>"; };
		3AEF7ECF1D3B4BFC001609A7 /* matchesTV.m */ = {isa = PBXFileReference; fileEncoding = 4; lastKnownFileType = sourcecode.c.objc; path = matchesTV.m; sourceTree = "<group>"; };
		3AF777C91E3BC83600D3765F /* AVFoundation.framework */ = {isa = PBXFileReference; lastKnownFileType = wrapper.framework; name = AVFoundation.framework; path = System/Library/Frameworks/AVFoundation.framework; sourceTree = SDKROOT; };
		82954035CE9FA60CF351889B /* libPods-SnookerScoreMaster.a */ = {isa = PBXFileReference; explicitFileType = archive.ar; includeInIndex = 0; path = "libPods-SnookerScoreMaster.a"; sourceTree = BUILT_PRODUCTS_DIR; };
		96D22D7E1A1FD58100E0ADE3 /* SnookerScoreMaster.app */ = {isa = PBXFileReference; explicitFileType = wrapper.application; includeInIndex = 0; path = SnookerScoreMaster.app; sourceTree = BUILT_PRODUCTS_DIR; };
		96D22D821A1FD58100E0ADE3 /* Info.plist */ = {isa = PBXFileReference; lastKnownFileType = text.plist.xml; path = Info.plist; sourceTree = "<group>"; };
		96D22D851A1FD58100E0ADE3 /* AppDelegate.h */ = {isa = PBXFileReference; lastKnownFileType = sourcecode.c.h; path = AppDelegate.h; sourceTree = "<group>"; };
		96D22D861A1FD58100E0ADE3 /* AppDelegate.m */ = {isa = PBXFileReference; lastKnownFileType = sourcecode.c.objc; path = AppDelegate.m; sourceTree = "<group>"; };
		96D22D8E1A1FD58100E0ADE3 /* Images.xcassets */ = {isa = PBXFileReference; lastKnownFileType = folder.assetcatalog; path = Images.xcassets; sourceTree = "<group>"; };
		96D22D971A1FD58100E0ADE3 /* SnookerScoreMasterTests.xctest */ = {isa = PBXFileReference; explicitFileType = wrapper.cfbundle; includeInIndex = 0; path = SnookerScoreMasterTests.xctest; sourceTree = BUILT_PRODUCTS_DIR; };
		96D22D9C1A1FD58100E0ADE3 /* Info.plist */ = {isa = PBXFileReference; lastKnownFileType = text.plist.xml; path = Info.plist; sourceTree = "<group>"; };
		96D22D9D1A1FD58100E0ADE3 /* SnookerScoreMasterTests.m */ = {isa = PBXFileReference; lastKnownFileType = sourcecode.c.objc; path = SnookerScoreMasterTests.m; sourceTree = "<group>"; };
		F458FE1306847D6BDDC7AE75 /* Pods-SnookerScoreMaster.release.xcconfig */ = {isa = PBXFileReference; includeInIndex = 1; lastKnownFileType = text.xcconfig; name = "Pods-SnookerScoreMaster.release.xcconfig"; path = "Pods/Target Support Files/Pods-SnookerScoreMaster/Pods-SnookerScoreMaster.release.xcconfig"; sourceTree = "<group>"; };
		F6127A835A26DAE0C57549C1 /* Pods-SnookerScoreMaster.debug.xcconfig */ = {isa = PBXFileReference; includeInIndex = 1; lastKnownFileType = text.xcconfig; name = "Pods-SnookerScoreMaster.debug.xcconfig"; path = "Pods/Target Support Files/Pods-SnookerScoreMaster/Pods-SnookerScoreMaster.debug.xcconfig"; sourceTree = "<group>"; };
/* End PBXFileReference section */

/* Begin PBXFrameworksBuildPhase section */
		96D22D7B1A1FD58100E0ADE3 /* Frameworks */ = {
			isa = PBXFrameworksBuildPhase;
			buildActionMask = 2147483647;
			files = (
				3AF777CA1E3BC83600D3765F /* AVFoundation.framework in Frameworks */,
				3AD0BAA41E37CF0200BC6C3B /* AdSupport.framework in Frameworks */,
				3A6101861D3C1D33001F6BF6 /* SpriteKit.framework in Frameworks */,
				3A6172E61BC96478004B9198 /* libsqlite3.tbd in Frameworks */,
				7CF073F704F111CD84DC73A6 /* libPods-SnookerScoreMaster.a in Frameworks */,
			);
			runOnlyForDeploymentPostprocessing = 0;
		};
		96D22D941A1FD58100E0ADE3 /* Frameworks */ = {
			isa = PBXFrameworksBuildPhase;
			buildActionMask = 2147483647;
			files = (
			);
			runOnlyForDeploymentPostprocessing = 0;
		};
/* End PBXFrameworksBuildPhase section */

/* Begin PBXGroup section */
		13508FFDD86030613BF4B6E1 /* Pods */ = {
			isa = PBXGroup;
			children = (
				F6127A835A26DAE0C57549C1 /* Pods-SnookerScoreMaster.debug.xcconfig */,
				F458FE1306847D6BDDC7AE75 /* Pods-SnookerScoreMaster.release.xcconfig */,
			);
			name = Pods;
			sourceTree = "<group>";
		};
		3A037B671C418EAB00038BC0 /* UITableViewCell */ = {
			isa = PBXGroup;
			children = (
				3A065F9C1DD2486B00C35BDC /* frameStatisticCellTVC.h */,
				3A065F9D1DD2486B00C35BDC /* frameStatisticCellTVC.m */,
				3A037B681C418ED900038BC0 /* playerCellTVC.h */,
				3A037B691C418ED900038BC0 /* playerCellTVC.m */,
				3A0582071C455FA500E37873 /* HeadToHeadCellTVC.h */,
				3A0582081C455FA500E37873 /* HeadToHeadCellTVC.m */,
				3A066B281C484221006C7033 /* matchCellTVC.h */,
				3A066B291C484221006C7033 /* matchCellTVC.m */,
			);
			name = UITableViewCell;
			sourceTree = "<group>";
		};
		3A0582101C457ADF00E37873 /* UITableView */ = {
			isa = PBXGroup;
			children = (
				3A13858F1C580C6600ECF0EF /* snookerbreak.h */,
				3A1385901C580C6600ECF0EF /* snookerbreak.m */,
				3A13858C1C580C1600ECF0EF /* frame.h */,
				3A13858D1C580C1600ECF0EF /* frame.m */,
				3A05820D1C457AD800E37873 /* HeadToHeadTV.h */,
				3A05820E1C457AD800E37873 /* HeadToHeadTV.m */,
				3AEF7ECE1D3B4BFC001609A7 /* matchesTV.h */,
				3AEF7ECF1D3B4BFC001609A7 /* matchesTV.m */,
				3AAFA8D61E2A7E2B00458493 /* playerListingTV.h */,
				3AAFA8D71E2A7E2B00458493 /* playerListingTV.m */,
				3AAFA8E91E2E8A6700458493 /* headToHeadListingTV.h */,
				3AAFA8EA1E2E8A6700458493 /* headToHeadListingTV.m */,
			);
			name = UITableView;
			sourceTree = "<group>";
		};
		3A13859C1C592C3B00ECF0EF /* New Group */ = {
			isa = PBXGroup;
			children = (
			);
			name = "New Group";
			sourceTree = "<group>";
		};
		3A35C1B01BD5F8A700B89BD2 /* images */ = {
			isa = PBXGroup;
			children = (
				3AC042801FCCC69F00FA01F4 /* clock.png */,
				3AC042811FCCC6A000FA01F4 /* stopwatch.png */,
				3AC0427E1FCCBE2D00FA01F4 /* Icon-App-76x76@2x.png */,
				3AC4CF151FC8CAED00BD5587 /* ssm_title_blur.png */,
				3A965EAD1FAF858700936FD1 /* refspeech.png */,
				3A2683CF1D3958A8003307BE /* selected.png */,
				3AB4CF081CDF8D8700C07BD0 /* whiteblue.png */,
				3A5997E71D328A74005A11DF /* cup_bronze.png */,
				3A5997E81D328A74005A11DF /* cup_gold.png */,
				3A5997E91D328A74005A11DF /* cup_silver.png */,
			);
			name = images;
			sourceTree = "<group>";
		};
		3A35C1F31BD5F94300B89BD2 /* NSObjects */ = {
			isa = PBXGroup;
			children = (
				3A61017E1D3BE350001F6BF6 /* NSDate+TimeAgo.h */,
				3A61017F1D3BE350001F6BF6 /* NSDate+TimeAgo.m */,
				3A82B6B31C6930AD00C94C85 /* common.h */,
				3A82B6B41C6930AD00C94C85 /* common.m */,
				3A35C2001BD5FA2B00B89BD2 /* dbHelper.h */,
				3A35C2011BD5FA2B00B89BD2 /* dbHelper.m */,
				3A35C1F41BD5FA0200B89BD2 /* ball.h */,
				3A35C1F51BD5FA0200B89BD2 /* ball.m */,
				3A35C1F61BD5FA0200B89BD2 /* ballShot.h */,
				3A35C1F71BD5FA0200B89BD2 /* ballShot.m */,
				3A35C1F81BD5FA0200B89BD2 /* breakBallCell.h */,
				3A35C1F91BD5FA0200B89BD2 /* breakBallCell.m */,
				3A35C1FA1BD5FA0200B89BD2 /* player.h */,
				3A35C1FB1BD5FA0200B89BD2 /* player.m */,
				3A066B2E1C48473F006C7033 /* match.h */,
				3A066B2F1C48473F006C7033 /* match.m */,
				3AAFF57C1D3828BF0048ACC7 /* ballSumIV.h */,
				3AAFF57D1D3828BF0048ACC7 /* ballSumIV.m */,
				3A61018A1D3C1EBE001F6BF6 /* celebrationSceneSKV.h */,
				3A61018B1D3C1EBE001F6BF6 /* celebrationSceneSKV.m */,
				3A1EC18F1D3E9AAE00B2348E /* hibreak.h */,
				3A1EC1901D3E9AAE00B2348E /* hibreak.m */,
				3A607CD41EAE789E00EFFDA4 /* graphData.h */,
				3A607CD51EAE789E00EFFDA4 /* graphData.m */,
			);
			name = NSObjects;
			sourceTree = "<group>";
		};
		3A35C2031BD5FA5A00B89BD2 /* UIViewControllers */ = {
			isa = PBXGroup;
			children = (
				3ADBD1FE1C497758001876F2 /* embededMatchStatisticsVC.h */,
				3ADBD1FF1C497758001876F2 /* embededMatchStatisticsVC.m */,
				3A7379451DF3F8BB00E5D556 /* helpPageVC.h */,
				3A7379461DF3F8BB00E5D556 /* helpPageVC.m */,
				3A7ADE0D1C4A23D30014B847 /* matchStatisticsVC.h */,
				3A7ADE0E1C4A23D30014B847 /* matchStatisticsVC.m */,
				3A35C2061BD5FA8600B89BD2 /* scoreboardVC.h */,
				3A35C2071BD5FA8600B89BD2 /* scoreboardVC.m */,
				3A61EEBF1C3EDB0700BEF957 /* playerDetailVC.h */,
				3A61EEC01C3EDB0700BEF957 /* playerDetailVC.m */,
				3A2DB0431D27B919002AC19A /* PlayerStatisticsVC.h */,
				3A2DB0441D27B919002AC19A /* PlayerStatisticsVC.m */,
				3A9EB7801D3299300055A1CE /* HelpVC.h */,
				3A9EB7811D3299300055A1CE /* HelpVC.m */,
				3A61017B1D3B5B58001F6BF6 /* matchesVC.h */,
				3A61017C1D3B5B58001F6BF6 /* matchesVC.m */,
				3AAFA8D91E2AC15500458493 /* official-rules-of-the-game.pdf */,
				3AAFA8D31E2A7DBC00458493 /* playerListingVC.h */,
				3AAFA8D41E2A7DBC00458493 /* playerListingVC.m */,
				3AAFA8E61E2E89FD00458493 /* headToHeadListingVC.h */,
				3AAFA8E71E2E89FD00458493 /* headToHeadListingVC.m */,
			);
			name = UIViewControllers;
			sourceTree = "<group>";
		};
		3A35C20A1BD5FA9800B89BD2 /* UIViews */ = {
			isa = PBXGroup;
			children = (
				3A2DB0491D27BAA0002AC19A /* PlayerStatisticsV.h */,
				3A2DB04A1D27BAA0002AC19A /* PlayerStatisticsV.m */,
				3A2DB0461D27BA46002AC19A /* singlePlayerStatsV.h */,
				3A2DB0471D27BA46002AC19A /* singlePlayerStatsV.m */,
				3AC847F21BF257870028C0A2 /* snookerTableStatsView.h */,
				3AC847F31BF257870028C0A2 /* snookerTableStatsView.m */,
				3A35C20B1BD5FAB500B89BD2 /* DraggableView.h */,
				3A35C20C1BD5FAB500B89BD2 /* DraggableView.m */,
				3A7ADE101C4A316C0014B847 /* graphV.h */,
				3A7ADE111C4A316C0014B847 /* graphV.m */,
				3A6311031C5C196E007EC892 /* AvatarV.h */,
				3A6311041C5C196E007EC892 /* AvatarV.m */,
				3AAFF5771D3824A20048ACC7 /* ballCountV.h */,
				3AAFF5781D3824A20048ACC7 /* ballCountV.m */,
				3AAFF57A1D3824D70048ACC7 /* ballCountV.xib */,
			);
			name = UIViews;
			sourceTree = "<group>";
		};
		3A35C2111BD5FAD300B89BD2 /* UITextFields */ = {
			isa = PBXGroup;
			children = (
				3A35C2181BD5FB8800B89BD2 /* frameScore.h */,
				3A35C2191BD5FB8800B89BD2 /* frameScore.m */,
				3A35C2121BD5FB0600B89BD2 /* breakEntry.h */,
				3A35C2131BD5FB0600B89BD2 /* breakEntry.m */,
				3A35C2141BD5FB0600B89BD2 /* indicator.h */,
				3A35C2151BD5FB0600B89BD2 /* indicator.m */,
			);
			name = UITextFields;
			sourceTree = "<group>";
		};
		3A6101831D3C1B19001F6BF6 /* Frameworks */ = {
			isa = PBXGroup;
			children = (
				3AF777C91E3BC83600D3765F /* AVFoundation.framework */,
				3AD0BAA31E37CF0200BC6C3B /* AdSupport.framework */,
				3A6101841D3C1B19001F6BF6 /* SpriteKit.framework */,
				82954035CE9FA60CF351889B /* libPods-SnookerScoreMaster.a */,
			);
			name = Frameworks;
			sourceTree = "<group>";
		};
		3A7379411DF372AA00E5D556 /* UIPageViewController */ = {
			isa = PBXGroup;
			children = (
				3A7379421DF372D400E5D556 /* IntroPVC.h */,
				3A7379431DF372D400E5D556 /* IntroPVC.m */,
			);
			name = UIPageViewController;
			sourceTree = "<group>";
		};
		3AAFA8DE1E2B84E700458493 /* UILabel */ = {
			isa = PBXGroup;
			children = (
				3AAFA8DF1E2B852200458493 /* PersistentBackgroundLabel.h */,
				3AAFA8E01E2B852200458493 /* PersistentBackgroundLabel.m */,
			);
			name = UILabel;
			sourceTree = "<group>";
		};
		96D22D751A1FD58100E0ADE3 = {
			isa = PBXGroup;
			children = (
				3AD8F3DA1E4F56DD00DAB6E1 /* applause7.mp3 */,
				3A6172E51BC96478004B9198 /* libsqlite3.tbd */,
				3AD0BAA11E37CD9800BC6C3B /* GoogleService-Info.plist */,
				96D22D801A1FD58100E0ADE3 /* SnookerScoreMaster */,
				96D22D9A1A1FD58100E0ADE3 /* SnookerScoreMasterTests */,
				96D22D7F1A1FD58100E0ADE3 /* Products */,
				3A6101831D3C1B19001F6BF6 /* Frameworks */,
				13508FFDD86030613BF4B6E1 /* Pods */,
			);
			sourceTree = "<group>";
		};
		96D22D7F1A1FD58100E0ADE3 /* Products */ = {
			isa = PBXGroup;
			children = (
				96D22D7E1A1FD58100E0ADE3 /* SnookerScoreMaster.app */,
				96D22D971A1FD58100E0ADE3 /* SnookerScoreMasterTests.xctest */,
			);
			name = Products;
			sourceTree = "<group>";
		};
		96D22D801A1FD58100E0ADE3 /* SnookerScoreMaster */ = {
			isa = PBXGroup;
			children = (
				3AD4AB9A1E37EED300460B0D /* SnookerScoreMaster.entitlements */,
				3AB429041BC95E83002FE58E /* Main.storyboard */,
				3AAFA8DE1E2B84E700458493 /* UILabel */,
				3A7379411DF372AA00E5D556 /* UIPageViewController */,
				3A0582101C457ADF00E37873 /* UITableView */,
				3A037B671C418EAB00038BC0 /* UITableViewCell */,
				3A35C2111BD5FAD300B89BD2 /* UITextFields */,
				3A35C20A1BD5FA9800B89BD2 /* UIViews */,
				3A35C2031BD5FA5A00B89BD2 /* UIViewControllers */,
				3A35C1F31BD5F94300B89BD2 /* NSObjects */,
				3A35C1B01BD5F8A700B89BD2 /* images */,
				3AB429051BC95E83002FE58E /* LaunchScreen.xib */,
				96D22D851A1FD58100E0ADE3 /* AppDelegate.h */,
				96D22D861A1FD58100E0ADE3 /* AppDelegate.m */,
				96D22D8E1A1FD58100E0ADE3 /* Images.xcassets */,
				3A13859C1C592C3B00ECF0EF /* New Group */,
				96D22D811A1FD58100E0ADE3 /* Supporting Files */,
				3A6101951D3C309B001F6BF6 /* MyParticle.sks */,
				3A6101991D3D3A81001F6BF6 /* MyParticle2.sks */,
				3A6101961D3C309B001F6BF6 /* spark.png */,
				3A61019B1D3D6294001F6BF6 /* MyParticle3.sks */,
				3A61019C1D3D6294001F6BF6 /* bokeh.png */,
			);
			path = SnookerScoreMaster;
			sourceTree = "<group>";
		};
		96D22D811A1FD58100E0ADE3 /* Supporting Files */ = {
			isa = PBXGroup;
			children = (
				3A35C23E1BD6067800B89BD2 /* Settings.bundle */,
				96D22D821A1FD58100E0ADE3 /* Info.plist */,
				3A6172E71BC965AD004B9198 /* main.m */,
			);
			name = "Supporting Files";
			sourceTree = "<group>";
		};
		96D22D9A1A1FD58100E0ADE3 /* SnookerScoreMasterTests */ = {
			isa = PBXGroup;
			children = (
				96D22D9D1A1FD58100E0ADE3 /* SnookerScoreMasterTests.m */,
				96D22D9B1A1FD58100E0ADE3 /* Supporting Files */,
			);
			path = SnookerScoreMasterTests;
			sourceTree = "<group>";
		};
		96D22D9B1A1FD58100E0ADE3 /* Supporting Files */ = {
			isa = PBXGroup;
			children = (
				96D22D9C1A1FD58100E0ADE3 /* Info.plist */,
			);
			name = "Supporting Files";
			sourceTree = "<group>";
		};
/* End PBXGroup section */

/* Begin PBXNativeTarget section */
		96D22D7D1A1FD58100E0ADE3 /* SnookerScoreMaster */ = {
			isa = PBXNativeTarget;
			buildConfigurationList = 96D22DA11A1FD58100E0ADE3 /* Build configuration list for PBXNativeTarget "SnookerScoreMaster" */;
			buildPhases = (
				89A8DEA126A55C43C630ED98 /* [CP] Check Pods Manifest.lock */,
				96D22D7A1A1FD58100E0ADE3 /* Sources */,
				96D22D7B1A1FD58100E0ADE3 /* Frameworks */,
				96D22D7C1A1FD58100E0ADE3 /* Resources */,
				3AF50FD61E01CA0C00EA4D4E /* Embed Frameworks */,
				F323F75230FCF71A6FCE531E /* [CP] Embed Pods Frameworks */,
				1A24F9BF7585174E9F9EB86B /* [CP] Copy Pods Resources */,
			);
			buildRules = (
			);
			dependencies = (
			);
			name = SnookerScoreMaster;
			productName = SnookerScoreMaster;
			productReference = 96D22D7E1A1FD58100E0ADE3 /* SnookerScoreMaster.app */;
			productType = "com.apple.product-type.application";
		};
		96D22D961A1FD58100E0ADE3 /* SnookerScoreMasterTests */ = {
			isa = PBXNativeTarget;
			buildConfigurationList = 96D22DA41A1FD58100E0ADE3 /* Build configuration list for PBXNativeTarget "SnookerScoreMasterTests" */;
			buildPhases = (
				96D22D931A1FD58100E0ADE3 /* Sources */,
				96D22D941A1FD58100E0ADE3 /* Frameworks */,
				96D22D951A1FD58100E0ADE3 /* Resources */,
			);
			buildRules = (
			);
			dependencies = (
				96D22D991A1FD58100E0ADE3 /* PBXTargetDependency */,
			);
			name = SnookerScoreMasterTests;
			productName = SnookerScoreMasterTests;
			productReference = 96D22D971A1FD58100E0ADE3 /* SnookerScoreMasterTests.xctest */;
			productType = "com.apple.product-type.bundle.unit-test";
		};
/* End PBXNativeTarget section */

/* Begin PBXProject section */
		96D22D761A1FD58100E0ADE3 /* Project object */ = {
			isa = PBXProject;
			attributes = {
				LastUpgradeCheck = 0610;
				ORGANIZATIONNAME = "andrew glew";
				TargetAttributes = {
					96D22D7D1A1FD58100E0ADE3 = {
						CreatedOnToolsVersion = 6.1;
						DevelopmentTeam = 6QW2ZP6GTA;
						SystemCapabilities = {
							com.apple.Push = {
								enabled = 1;
							};
						};
					};
					96D22D961A1FD58100E0ADE3 = {
						CreatedOnToolsVersion = 6.1;
						TestTargetID = 96D22D7D1A1FD58100E0ADE3;
					};
				};
			};
			buildConfigurationList = 96D22D791A1FD58100E0ADE3 /* Build configuration list for PBXProject "SnookerScoreMaster" */;
			compatibilityVersion = "Xcode 3.2";
			developmentRegion = English;
			hasScannedForEncodings = 0;
			knownRegions = (
				en,
				Base,
			);
			mainGroup = 96D22D751A1FD58100E0ADE3;
			productRefGroup = 96D22D7F1A1FD58100E0ADE3 /* Products */;
			projectDirPath = "";
			projectRoot = "";
			targets = (
				96D22D7D1A1FD58100E0ADE3 /* SnookerScoreMaster */,
				96D22D961A1FD58100E0ADE3 /* SnookerScoreMasterTests */,
			);
		};
/* End PBXProject section */

/* Begin PBXResourcesBuildPhase section */
		96D22D7C1A1FD58100E0ADE3 /* Resources */ = {
			isa = PBXResourcesBuildPhase;
			buildActionMask = 2147483647;
			files = (
				3A6101971D3C309B001F6BF6 /* MyParticle.sks in Resources */,
				3AC4CF161FC8CAEE00BD5587 /* ssm_title_blur.png in Resources */,
				3AAFF57B1D3824D70048ACC7 /* ballCountV.xib in Resources */,
				3A5997EB1D328A74005A11DF /* cup_gold.png in Resources */,
				3AD0BAA21E37CD9800BC6C3B /* GoogleService-Info.plist in Resources */,
				3A6101981D3C309B001F6BF6 /* spark.png in Resources */,
				3A5997EC1D328A74005A11DF /* cup_silver.png in Resources */,
				3AB4CF091CDF8D8700C07BD0 /* whiteblue.png in Resources */,
				3AC042831FCCC6A000FA01F4 /* stopwatch.png in Resources */,
				3AB429071BC95E83002FE58E /* LaunchScreen.xib in Resources */,
				3AAFA8DA1E2AC15500458493 /* official-rules-of-the-game.pdf in Resources */,
				3A61019A1D3D3A81001F6BF6 /* MyParticle2.sks in Resources */,
				3AD8F3DB1E4F56DD00DAB6E1 /* applause7.mp3 in Resources */,
				3A61019E1D3D6294001F6BF6 /* bokeh.png in Resources */,
				3A35C23F1BD6067800B89BD2 /* Settings.bundle in Resources */,
				3A2683D01D3958A8003307BE /* selected.png in Resources */,
				3A965EAE1FAF858800936FD1 /* refspeech.png in Resources */,
				3AB429061BC95E83002FE58E /* Main.storyboard in Resources */,
				3AC0427F1FCCBE3000FA01F4 /* Icon-App-76x76@2x.png in Resources */,
				3AC042821FCCC6A000FA01F4 /* clock.png in Resources */,
				3A5997EA1D328A74005A11DF /* cup_bronze.png in Resources */,
				96D22D8F1A1FD58100E0ADE3 /* Images.xcassets in Resources */,
				3A61019D1D3D6294001F6BF6 /* MyParticle3.sks in Resources */,
			);
			runOnlyForDeploymentPostprocessing = 0;
		};
		96D22D951A1FD58100E0ADE3 /* Resources */ = {
			isa = PBXResourcesBuildPhase;
			buildActionMask = 2147483647;
			files = (
			);
			runOnlyForDeploymentPostprocessing = 0;
		};
/* End PBXResourcesBuildPhase section */

/* Begin PBXShellScriptBuildPhase section */
		1A24F9BF7585174E9F9EB86B /* [CP] Copy Pods Resources */ = {
			isa = PBXShellScriptBuildPhase;
			buildActionMask = 2147483647;
			files = (
			);
			inputPaths = (
			);
			name = "[CP] Copy Pods Resources";
			outputPaths = (
			);
			runOnlyForDeploymentPostprocessing = 0;
			shellPath = /bin/sh;
			shellScript = "\"${SRCROOT}/Pods/Target Support Files/Pods-SnookerScoreMaster/Pods-SnookerScoreMaster-resources.sh\"\n";
			showEnvVarsInLog = 0;
		};
		89A8DEA126A55C43C630ED98 /* [CP] Check Pods Manifest.lock */ = {
			isa = PBXShellScriptBuildPhase;
			buildActionMask = 2147483647;
			files = (
			);
			inputPaths = (
			);
			name = "[CP] Check Pods Manifest.lock";
			outputPaths = (
			);
			runOnlyForDeploymentPostprocessing = 0;
			shellPath = /bin/sh;
			shellScript = "diff \"${PODS_ROOT}/../Podfile.lock\" \"${PODS_ROOT}/Manifest.lock\" > /dev/null\nif [ $? != 0 ] ; then\n    # print error to STDERR\n    echo \"error: The sandbox is not in sync with the Podfile.lock. Run 'pod install' or update your CocoaPods installation.\" >&2\n    exit 1\nfi\n";
			showEnvVarsInLog = 0;
		};
		F323F75230FCF71A6FCE531E /* [CP] Embed Pods Frameworks */ = {
			isa = PBXShellScriptBuildPhase;
			buildActionMask = 2147483647;
			files = (
			);
			inputPaths = (
			);
			name = "[CP] Embed Pods Frameworks";
			outputPaths = (
			);
			runOnlyForDeploymentPostprocessing = 0;
			shellPath = /bin/sh;
			shellScript = "\"${SRCROOT}/Pods/Target Support Files/Pods-SnookerScoreMaster/Pods-SnookerScoreMaster-frameworks.sh\"\n";
			showEnvVarsInLog = 0;
		};
/* End PBXShellScriptBuildPhase section */

/* Begin PBXSourcesBuildPhase section */
		96D22D7A1A1FD58100E0ADE3 /* Sources */ = {
			isa = PBXSourcesBuildPhase;
			buildActionMask = 2147483647;
			files = (
				3A037B6A1C418ED900038BC0 /* playerCellTVC.m in Sources */,
				3AAFF57E1D3828BF0048ACC7 /* ballSumIV.m in Sources */,
				3A61018C1D3C1EBE001F6BF6 /* celebrationSceneSKV.m in Sources */,
				3A61017D1D3B5B58001F6BF6 /* matchesVC.m in Sources */,
				3A9EB7821D3299300055A1CE /* HelpVC.m in Sources */,
				3A35C1FF1BD5FA0200B89BD2 /* player.m in Sources */,
				3A2DB0481D27BA46002AC19A /* singlePlayerStatsV.m in Sources */,
				3AEF7ED01D3B4BFC001609A7 /* matchesTV.m in Sources */,
				3A0582091C455FA500E37873 /* HeadToHeadCellTVC.m in Sources */,
				3A35C1FC1BD5FA0200B89BD2 /* ball.m in Sources */,
				3A35C2171BD5FB0600B89BD2 /* indicator.m in Sources */,
				3A35C1FD1BD5FA0200B89BD2 /* ballShot.m in Sources */,
				3A2DB04B1D27BAA0002AC19A /* PlayerStatisticsV.m in Sources */,
				3A2DB0451D27B919002AC19A /* PlayerStatisticsVC.m in Sources */,
				3A35C2161BD5FB0600B89BD2 /* breakEntry.m in Sources */,
				3A7ADE121C4A316C0014B847 /* graphV.m in Sources */,
				96D22D871A1FD58100E0ADE3 /* AppDelegate.m in Sources */,
				3A82B6B51C6930AD00C94C85 /* common.m in Sources */,
				3A35C1FE1BD5FA0200B89BD2 /* breakBallCell.m in Sources */,
				3AAFF5791D3824A20048ACC7 /* ballCountV.m in Sources */,
				3A607CD61EAE789E00EFFDA4 /* graphData.m in Sources */,
				3A6172E81BC965AD004B9198 /* main.m in Sources */,
				3AC847F41BF257870028C0A2 /* snookerTableStatsView.m in Sources */,
				3A05820F1C457AD800E37873 /* HeadToHeadTV.m in Sources */,
				3A066B2A1C484221006C7033 /* matchCellTVC.m in Sources */,
				3A1385911C580C6600ECF0EF /* snookerbreak.m in Sources */,
				3A35C2091BD5FA8600B89BD2 /* scoreboardVC.m in Sources */,
				3A1EC1911D3E9AAE00B2348E /* hibreak.m in Sources */,
				3A61EEC11C3EDB0700BEF957 /* playerDetailVC.m in Sources */,
				3A7379441DF372D400E5D556 /* IntroPVC.m in Sources */,
				3A35C20F1BD5FAB500B89BD2 /* DraggableView.m in Sources */,
				3AAFA8D51E2A7DBC00458493 /* playerListingVC.m in Sources */,
				3A6311051C5C196E007EC892 /* AvatarV.m in Sources */,
				3A13858E1C580C1600ECF0EF /* frame.m in Sources */,
				3AAFA8D81E2A7E2B00458493 /* playerListingTV.m in Sources */,
				3A7379471DF3F8BB00E5D556 /* helpPageVC.m in Sources */,
				3A066B301C48473F006C7033 /* match.m in Sources */,
				3ADBD2001C497758001876F2 /* embededMatchStatisticsVC.m in Sources */,
				3A35C21A1BD5FB8800B89BD2 /* frameScore.m in Sources */,
				3A6101801D3BE350001F6BF6 /* NSDate+TimeAgo.m in Sources */,
				3AAFA8E81E2E89FD00458493 /* headToHeadListingVC.m in Sources */,
				3AAFA8EB1E2E8A6700458493 /* headToHeadListingTV.m in Sources */,
				3AAFA8E11E2B852200458493 /* PersistentBackgroundLabel.m in Sources */,
				3A065F9E1DD2486B00C35BDC /* frameStatisticCellTVC.m in Sources */,
				3A7ADE0F1C4A23D30014B847 /* matchStatisticsVC.m in Sources */,
				3A35C2021BD5FA2B00B89BD2 /* dbHelper.m in Sources */,
			);
			runOnlyForDeploymentPostprocessing = 0;
		};
		96D22D931A1FD58100E0ADE3 /* Sources */ = {
			isa = PBXSourcesBuildPhase;
			buildActionMask = 2147483647;
			files = (
				96D22D9E1A1FD58100E0ADE3 /* SnookerScoreMasterTests.m in Sources */,
			);
			runOnlyForDeploymentPostprocessing = 0;
		};
/* End PBXSourcesBuildPhase section */

/* Begin PBXTargetDependency section */
		96D22D991A1FD58100E0ADE3 /* PBXTargetDependency */ = {
			isa = PBXTargetDependency;
			target = 96D22D7D1A1FD58100E0ADE3 /* SnookerScoreMaster */;
			targetProxy = 96D22D981A1FD58100E0ADE3 /* PBXContainerItemProxy */;
		};
/* End PBXTargetDependency section */

/* Begin XCBuildConfiguration section */
		96D22D9F1A1FD58100E0ADE3 /* Debug */ = {
			isa = XCBuildConfiguration;
			buildSettings = {
				ALWAYS_SEARCH_USER_PATHS = NO;
				CLANG_CXX_LANGUAGE_STANDARD = "gnu++0x";
				CLANG_CXX_LIBRARY = "libc++";
				CLANG_ENABLE_MODULES = YES;
				CLANG_ENABLE_OBJC_ARC = YES;
				CLANG_WARN_BOOL_CONVERSION = YES;
				CLANG_WARN_CONSTANT_CONVERSION = YES;
				CLANG_WARN_DIRECT_OBJC_ISA_USAGE = YES_ERROR;
				CLANG_WARN_EMPTY_BODY = YES;
				CLANG_WARN_ENUM_CONVERSION = YES;
				CLANG_WARN_INT_CONVERSION = YES;
				CLANG_WARN_OBJC_ROOT_CLASS = YES_ERROR;
				CLANG_WARN_UNREACHABLE_CODE = YES;
				CLANG_WARN__DUPLICATE_METHOD_MATCH = YES;
				"CODE_SIGN_IDENTITY[sdk=iphoneos*]" = "iPhone Developer";
				COPY_PHASE_STRIP = NO;
				ENABLE_STRICT_OBJC_MSGSEND = YES;
				GCC_C_LANGUAGE_STANDARD = gnu99;
				GCC_DYNAMIC_NO_PIC = NO;
				GCC_OPTIMIZATION_LEVEL = 0;
				GCC_PREPROCESSOR_DEFINITIONS = (
					"DEBUG=1",
					"$(inherited)",
				);
				GCC_SYMBOLS_PRIVATE_EXTERN = NO;
				GCC_WARN_64_TO_32_BIT_CONVERSION = YES;
				GCC_WARN_ABOUT_RETURN_TYPE = YES_ERROR;
				GCC_WARN_UNDECLARED_SELECTOR = YES;
				GCC_WARN_UNINITIALIZED_AUTOS = YES_AGGRESSIVE;
				GCC_WARN_UNUSED_FUNCTION = YES;
				GCC_WARN_UNUSED_VARIABLE = YES;
				IPHONEOS_DEPLOYMENT_TARGET = 8.1;
				MTL_ENABLE_DEBUG_INFO = YES;
				ONLY_ACTIVE_ARCH = YES;
				SDKROOT = iphoneos;
				TARGETED_DEVICE_FAMILY = "1,2";
			};
			name = Debug;
		};
		96D22DA01A1FD58100E0ADE3 /* Release */ = {
			isa = XCBuildConfiguration;
			buildSettings = {
				ALWAYS_SEARCH_USER_PATHS = NO;
				CLANG_CXX_LANGUAGE_STANDARD = "gnu++0x";
				CLANG_CXX_LIBRARY = "libc++";
				CLANG_ENABLE_MODULES = YES;
				CLANG_ENABLE_OBJC_ARC = YES;
				CLANG_WARN_BOOL_CONVERSION = YES;
				CLANG_WARN_CONSTANT_CONVERSION = YES;
				CLANG_WARN_DIRECT_OBJC_ISA_USAGE = YES_ERROR;
				CLANG_WARN_EMPTY_BODY = YES;
				CLANG_WARN_ENUM_CONVERSION = YES;
				CLANG_WARN_INT_CONVERSION = YES;
				CLANG_WARN_OBJC_ROOT_CLASS = YES_ERROR;
				CLANG_WARN_UNREACHABLE_CODE = YES;
				CLANG_WARN__DUPLICATE_METHOD_MATCH = YES;
				"CODE_SIGN_IDENTITY[sdk=iphoneos*]" = "iPhone Developer";
				COPY_PHASE_STRIP = YES;
				ENABLE_NS_ASSERTIONS = NO;
				ENABLE_STRICT_OBJC_MSGSEND = YES;
				GCC_C_LANGUAGE_STANDARD = gnu99;
				GCC_WARN_64_TO_32_BIT_CONVERSION = YES;
				GCC_WARN_ABOUT_RETURN_TYPE = YES_ERROR;
				GCC_WARN_UNDECLARED_SELECTOR = YES;
				GCC_WARN_UNINITIALIZED_AUTOS = YES_AGGRESSIVE;
				GCC_WARN_UNUSED_FUNCTION = YES;
				GCC_WARN_UNUSED_VARIABLE = YES;
				IPHONEOS_DEPLOYMENT_TARGET = 8.1;
				MTL_ENABLE_DEBUG_INFO = NO;
				SDKROOT = iphoneos;
				TARGETED_DEVICE_FAMILY = "1,2";
				VALIDATE_PRODUCT = YES;
			};
			name = Release;
		};
		96D22DA21A1FD58100E0ADE3 /* Debug */ = {
			isa = XCBuildConfiguration;
			baseConfigurationReference = F6127A835A26DAE0C57549C1 /* Pods-SnookerScoreMaster.debug.xcconfig */;
			buildSettings = {
				ASSETCATALOG_COMPILER_APPICON_NAME = AppIcon;
				ASSETCATALOG_COMPILER_LAUNCHIMAGE_NAME = "Brand Assets";
				CODE_SIGN_ENTITLEMENTS = SnookerScoreMaster/SnookerScoreMaster.entitlements;
				CODE_SIGN_IDENTITY = "iPhone Developer";
				FRAMEWORK_SEARCH_PATHS = (
					"$(inherited)",
					"$(PROJECT_DIR)",
				);
				GCC_PREFIX_HEADER = "SnookerScoreMaster/SnookerScoreMaster-Prefix.pch";
				GCC_VERSION = "";
				INFOPLIST_FILE = SnookerScoreMaster/Info.plist;
				IPHONEOS_DEPLOYMENT_TARGET = 10.0;
				LD_RUNPATH_SEARCH_PATHS = "$(inherited) @executable_path/Frameworks";
				LIBRARY_SEARCH_PATHS = (
					"$(inherited)",
					"$(PROJECT_DIR)/SnookerScoreMaster",
					"$(PROJECT_DIR)",
				);
				ONLY_ACTIVE_ARCH = NO;
				OTHER_LDFLAGS = "$(inherited)";
				PRODUCT_NAME = "$(TARGET_NAME)";
				TARGETED_DEVICE_FAMILY = 1;
			};
			name = Debug;
		};
		96D22DA31A1FD58100E0ADE3 /* Release */ = {
			isa = XCBuildConfiguration;
			baseConfigurationReference = F458FE1306847D6BDDC7AE75 /* Pods-SnookerScoreMaster.release.xcconfig */;
			buildSettings = {
				ASSETCATALOG_COMPILER_APPICON_NAME = AppIcon;
				ASSETCATALOG_COMPILER_LAUNCHIMAGE_NAME = "Brand Assets";
				CODE_SIGN_ENTITLEMENTS = SnookerScoreMaster/SnookerScoreMaster.entitlements;
				CODE_SIGN_IDENTITY = "iPhone Developer";
				FRAMEWORK_SEARCH_PATHS = (
					"$(inherited)",
					"$(PROJECT_DIR)",
				);
				GCC_PREFIX_HEADER = "SnookerScoreMaster/SnookerScoreMaster-Prefix.pch";
				GCC_VERSION = "";
				INFOPLIST_FILE = SnookerScoreMaster/Info.plist;
				IPHONEOS_DEPLOYMENT_TARGET = 10.0;
				LD_RUNPATH_SEARCH_PATHS = "$(inherited) @executable_path/Frameworks";
				LIBRARY_SEARCH_PATHS = (
					"$(inherited)",
					"$(PROJECT_DIR)/SnookerScoreMaster",
					"$(PROJECT_DIR)",
				);
				OTHER_LDFLAGS = "$(inherited)";
				PRODUCT_NAME = "$(TARGET_NAME)";
				TARGETED_DEVICE_FAMILY = 1;
			};
			name = Release;
		};
		96D22DA51A1FD58100E0ADE3 /* Debug */ = {
			isa = XCBuildConfiguration;
			buildSettings = {
				BUNDLE_LOADER = "$(TEST_HOST)";
				FRAMEWORK_SEARCH_PATHS = (
					"$(SDKROOT)/Developer/Library/Frameworks",
					"$(inherited)",
				);
				GCC_PREPROCESSOR_DEFINITIONS = (
					"DEBUG=1",
					"$(inherited)",
				);
				INFOPLIST_FILE = SnookerScoreMasterTests/Info.plist;
				LD_RUNPATH_SEARCH_PATHS = "$(inherited) @executable_path/Frameworks @loader_path/Frameworks";
				PRODUCT_NAME = "$(TARGET_NAME)";
				TEST_HOST = "$(BUILT_PRODUCTS_DIR)/SnookerScoreMaster.app/SnookerScoreMaster";
			};
			name = Debug;
		};
		96D22DA61A1FD58100E0ADE3 /* Release */ = {
			isa = XCBuildConfiguration;
			buildSettings = {
				BUNDLE_LOADER = "$(TEST_HOST)";
				FRAMEWORK_SEARCH_PATHS = (
					"$(SDKROOT)/Developer/Library/Frameworks",
					"$(inherited)",
				);
				INFOPLIST_FILE = SnookerScoreMasterTests/Info.plist;
				LD_RUNPATH_SEARCH_PATHS = "$(inherited) @executable_path/Frameworks @loader_path/Frameworks";
				PRODUCT_NAME = "$(TARGET_NAME)";
				TEST_HOST = "$(BUILT_PRODUCTS_DIR)/SnookerScoreMaster.app/SnookerScoreMaster";
			};
			name = Release;
		};
/* End XCBuildConfiguration section */

/* Begin XCConfigurationList section */
		96D22D791A1FD58100E0ADE3 /* Build configuration list for PBXProject "SnookerScoreMaster" */ = {
			isa = XCConfigurationList;
			buildConfigurations = (
				96D22D9F1A1FD58100E0ADE3 /* Debug */,
				96D22DA01A1FD58100E0ADE3 /* Release */,
			);
			defaultConfigurationIsVisible = 0;
			defaultConfigurationName = Release;
		};
		96D22DA11A1FD58100E0ADE3 /* Build configuration list for PBXNativeTarget "SnookerScoreMaster" */ = {
			isa = XCConfigurationList;
			buildConfigurations = (
				96D22DA21A1FD58100E0ADE3 /* Debug */,
				96D22DA31A1FD58100E0ADE3 /* Release */,
			);
			defaultConfigurationIsVisible = 0;
			defaultConfigurationName = Release;
		};
		96D22DA41A1FD58100E0ADE3 /* Build configuration list for PBXNativeTarget "SnookerScoreMasterTests" */ = {
			isa = XCConfigurationList;
			buildConfigurations = (
				96D22DA51A1FD58100E0ADE3 /* Debug */,
				96D22DA61A1FD58100E0ADE3 /* Release */,
			);
			defaultConfigurationIsVisible = 0;
			defaultConfigurationName = Release;
		};
/* End XCConfigurationList section */
	};
	rootObject = 96D22D761A1FD58100E0ADE3 /* Project object */;
}
